PODS:
  - AFNetworking (3.1.0):
    - AFNetworking/NSURLSession (= 3.1.0)
    - AFNetworking/Reachability (= 3.1.0)
    - AFNetworking/Security (= 3.1.0)
    - AFNetworking/Serialization (= 3.1.0)
    - AFNetworking/UIKit (= 3.1.0)
  - AFNetworking/NSURLSession (3.1.0):
    - AFNetworking/Reachability
    - AFNetworking/Security
    - AFNetworking/Serialization
  - AFNetworking/Reachability (3.1.0)
  - AFNetworking/Security (3.1.0)
  - AFNetworking/Serialization (3.1.0)
  - AFNetworking/UIKit (3.1.0):
    - AFNetworking/NSURLSession
  - ASIHTTPRequest (1.8.2):
    - ASIHTTPRequest/ASIWebPageRequest (= 1.8.2)
    - ASIHTTPRequest/CloudFiles (= 1.8.2)
    - ASIHTTPRequest/Core (= 1.8.2)
    - ASIHTTPRequest/S3 (= 1.8.2)
  - ASIHTTPRequest/ASIWebPageRequest (1.8.2):
    - ASIHTTPRequest/Core
  - ASIHTTPRequest/CloudFiles (1.8.2):
    - ASIHTTPRequest/Core
  - ASIHTTPRequest/Core (1.8.2):
    - Reachability
  - ASIHTTPRequest/S3 (1.8.2):
    - ASIHTTPRequest/Core
  - AVOSCloud (4.0.1)
  - AVOSCloudCrashReporting (4.0.1):
    - AVOSCloud (= 4.0.1)
    - AVOSCloudCrashReporting/_ARC (= 4.0.1)
    - AVOSCloudCrashReporting/_NOARC (= 4.0.1)
  - AVOSCloudCrashReporting/_ARC (4.0.1):
    - AVOSCloud (= 4.0.1)
    - AVOSCloudCrashReporting/_NOARC (= 4.0.1)
  - AVOSCloudCrashReporting/_NOARC (4.0.1):
    - AVOSCloud (= 4.0.1)
  - AVOSCloudIM (4.0.1):
    - AVOSCloud (= 4.0.1)
    - AVOSCloudIM/_ARC (= 4.0.1)
    - AVOSCloudIM/_NOARC (= 4.0.1)
  - AVOSCloudIM/_ARC (4.0.1):
    - AVOSCloud (= 4.0.1)
    - AVOSCloudIM/_NOARC (= 4.0.1)
  - AVOSCloudIM/_NOARC (4.0.1):
    - AVOSCloud (= 4.0.1)
  - GoogleMaps (2.1.1):
    - GoogleMaps/Maps (= 2.1.1)
  - GoogleMaps/Base (2.1.1)
  - GoogleMaps/Maps (2.1.1):
    - GoogleMaps/Base
  - GooglePlaces (2.1.1):
    - GoogleMaps/Base (= 2.1.1)
  - INTULocationManager (4.2.0)
  - JSONModel (1.3.0)
  - MBProgressHUD (1.0.0)
  - NJKWebViewProgress (0.2.3):
    - NJKWebViewProgress/Core (= 0.2.3)
    - NJKWebViewProgress/ProgressView (= 0.2.3)
  - NJKWebViewProgress/Core (0.2.3)
  - NJKWebViewProgress/ProgressView (0.2.3)
  - Reachability (3.2)
  - RESideMenu (4.0.7)
  - Stripe (10.0.1)
  - UMengAnalytics (4.0.4)

DEPENDENCIES:
  - AFNetworking (~> 3.1.0)
  - ASIHTTPRequest
  - AVOSCloud
  - AVOSCloudCrashReporting
  - AVOSCloudIM
  - GoogleMaps
  - GooglePlaces
  - INTULocationManager (~> 4.2.0)
  - JSONModel (~> 1.3.0)
  - MBProgressHUD (~> 1.0.0)
  - NJKWebViewProgress (~> 0.2.3)
  - RESideMenu (~> 4.0.7)
  - Stripe
  - UMengAnalytics (~> 4.0.4)

SPEC CHECKSUMS:
  AFNetworking: 5e0e199f73d8626b11e79750991f5d173d1f8b67
  ASIHTTPRequest: ec013992946676b7978dcbde6396d57312d21db4
  AVOSCloud: 521d3639c2619126ec073f617bb5992472b5b2d3
  AVOSCloudCrashReporting: f828e57e6900bc7d08bee74e85455b1080b61ea0
  AVOSCloudIM: 46daef41d5258297cffcca23cfde6a9453a538fa
  GoogleMaps: a5b5bbe47734e2443bde781a6aa64e69fdb6d785
  GooglePlaces: 35636d86e5020cba3856eb988c09a5491de0a65a
  INTULocationManager: 73f8254b3d05c897c56bb13c190e5b7c648c0998
  JSONModel: 81c06ecf99190a25fa6aafceea5faffa7880868a
  MBProgressHUD: 4890f671c94e8a0f3cf959aa731e9de2f036d71a
  NJKWebViewProgress: f481fd424cb5ecc27eacae11b5397db92fba9a4d
  Reachability: 33e18b67625424e47b6cde6d202dce689ad7af96
  RESideMenu: f24c508404b49c667344c54aba7e590883533958
  Stripe: dd6df0e2c6a8463e2f1ca9b15dc246e5ae1eee64
  UMengAnalytics: 4ed421fb3bca63b26fc13c947743cabf3831d199

PODFILE CHECKSUM: 2f305938b4a9753d2f79935d5961582e89f18429

COCOAPODS: 1.2.0
