// !$*UTF8*$!
{
	archiveVersion = 1;
	classes = {
	};
	objectVersion = 46;
	objects = {

/* Begin PBXBuildFile section */
		6216691B1E31D65B007292A4 /* main.m in Sources */ = {isa = PBXBuildFile; fileRef = 6216691A1E31D65B007292A4 /* main.m */; };
		6216691E1E31D65B007292A4 /* AppDelegate.m in Sources */ = {isa = PBXBuildFile; fileRef = 6216691D1E31D65B007292A4 /* AppDelegate.m */; };
		621669211E31D65B007292A4 /* ViewController.m in Sources */ = {isa = PBXBuildFile; fileRef = 621669201E31D65B007292A4 /* ViewController.m */; };
		621669241E31D65B007292A4 /* Main.storyboard in Resources */ = {isa = PBXBuildFile; fileRef = 621669221E31D65B007292A4 /* Main.storyboard */; };
		621669271E31D65B007292A4 /* Wil_User.xcdatamodeld in Sources */ = {isa = PBXBuildFile; fileRef = 621669251E31D65B007292A4 /* Wil_User.xcdatamodeld */; };
		621669291E31D65B007292A4 /* Assets.xcassets in Resources */ = {isa = PBXBuildFile; fileRef = 621669281E31D65B007292A4 /* Assets.xcassets */; };
		6216692C1E31D65B007292A4 /* LaunchScreen.storyboard in Resources */ = {isa = PBXBuildFile; fileRef = 6216692A1E31D65B007292A4 /* LaunchScreen.storyboard */; };
		621669371E31D65B007292A4 /* Wil_UserTests.m in Sources */ = {isa = PBXBuildFile; fileRef = 621669361E31D65B007292A4 /* Wil_UserTests.m */; };
		621669421E31D65B007292A4 /* Wil_UserUITests.m in Sources */ = {isa = PBXBuildFile; fileRef = 621669411E31D65B007292A4 /* Wil_UserUITests.m */; };
/* End PBXBuildFile section */

/* Begin PBXContainerItemProxy section */
		621669331E31D65B007292A4 /* PBXContainerItemProxy */ = {
			isa = PBXContainerItemProxy;
			containerPortal = 6216690E1E31D65B007292A4 /* Project object */;
			proxyType = 1;
			remoteGlobalIDString = 621669151E31D65B007292A4;
			remoteInfo = Wil_User;
		};
		6216693E1E31D65B007292A4 /* PBXContainerItemProxy */ = {
			isa = PBXContainerItemProxy;
			containerPortal = 6216690E1E31D65B007292A4 /* Project object */;
			proxyType = 1;
			remoteGlobalIDString = 621669151E31D65B007292A4;
			remoteInfo = Wil_User;
		};
/* End PBXContainerItemProxy section */

/* Begin PBXFileReference section */
		621669161E31D65B007292A4 /* Wil_User.app */ = {isa = PBXFileReference; explicitFileType = wrapper.application; includeInIndex = 0; path = Wil_User.app; sourceTree = BUILT_PRODUCTS_DIR; };
		6216691A1E31D65B007292A4 /* main.m */ = {isa = PBXFileReference; lastKnownFileType = sourcecode.c.objc; path = main.m; sourceTree = "<group>"; };
		6216691C1E31D65B007292A4 /* AppDelegate.h */ = {isa = PBXFileReference; lastKnownFileType = sourcecode.c.h; path = AppDelegate.h; sourceTree = "<group>"; };
		6216691D1E31D65B007292A4 /* AppDelegate.m */ = {isa = PBXFileReference; lastKnownFileType = sourcecode.c.objc; path = AppDelegate.m; sourceTree = "<group>"; };
		6216691F1E31D65B007292A4 /* ViewController.h */ = {isa = PBXFileReference; lastKnownFileType = sourcecode.c.h; path = ViewController.h; sourceTree = "<group>"; };
		621669201E31D65B007292A4 /* ViewController.m */ = {isa = PBXFileReference; lastKnownFileType = sourcecode.c.objc; path = ViewController.m; sourceTree = "<group>"; };
		621669231E31D65B007292A4 /* Base */ = {isa = PBXFileReference; lastKnownFileType = file.storyboard; name = Base; path = Base.lproj/Main.storyboard; sourceTree = "<group>"; };
		621669261E31D65B007292A4 /* Wil_User.xcdatamodel */ = {isa = PBXFileReference; lastKnownFileType = wrapper.xcdatamodel; path = Wil_User.xcdatamodel; sourceTree = "<group>"; };
		621669281E31D65B007292A4 /* Assets.xcassets */ = {isa = PBXFileReference; lastKnownFileType = folder.assetcatalog; path = Assets.xcassets; sourceTree = "<group>"; };
		6216692B1E31D65B007292A4 /* Base */ = {isa = PBXFileReference; lastKnownFileType = file.storyboard; name = Base; path = Base.lproj/LaunchScreen.storyboard; sourceTree = "<group>"; };
		6216692D1E31D65B007292A4 /* Info.plist */ = {isa = PBXFileReference; lastKnownFileType = text.plist.xml; path = Info.plist; sourceTree = "<group>"; };
		621669321E31D65B007292A4 /* Wil_UserTests.xctest */ = {isa = PBXFileReference; explicitFileType = wrapper.cfbundle; includeInIndex = 0; path = Wil_UserTests.xctest; sourceTree = BUILT_PRODUCTS_DIR; };
		621669361E31D65B007292A4 /* Wil_UserTests.m */ = {isa = PBXFileReference; lastKnownFileType = sourcecode.c.objc; path = Wil_UserTests.m; sourceTree = "<group>"; };
		621669381E31D65B007292A4 /* Info.plist */ = {isa = PBXFileReference; lastKnownFileType = text.plist.xml; path = Info.plist; sourceTree = "<group>"; };
		6216693D1E31D65B007292A4 /* Wil_UserUITests.xctest */ = {isa = PBXFileReference; explicitFileType = wrapper.cfbundle; includeInIndex = 0; path = Wil_UserUITests.xctest; sourceTree = BUILT_PRODUCTS_DIR; };
		621669411E31D65B007292A4 /* Wil_UserUITests.m */ = {isa = PBXFileReference; lastKnownFileType = sourcecode.c.objc; path = Wil_UserUITests.m; sourceTree = "<group>"; };
		621669431E31D65B007292A4 /* Info.plist */ = {isa = PBXFileReference; lastKnownFileType = text.plist.xml; path = Info.plist; sourceTree = "<group>"; };
/* End PBXFileReference section */

/* Begin PBXFrameworksBuildPhase section */
		621669131E31D65B007292A4 /* Frameworks */ = {
			isa = PBXFrameworksBuildPhase;
			buildActionMask = 2147483647;
			files = (
			);
			runOnlyForDeploymentPostprocessing = 0;
		};
		6216692F1E31D65B007292A4 /* Frameworks */ = {
			isa = PBXFrameworksBuildPhase;
			buildActionMask = 2147483647;
			files = (
			);
			runOnlyForDeploymentPostprocessing = 0;
		};
		6216693A1E31D65B007292A4 /* Frameworks */ = {
			isa = PBXFrameworksBuildPhase;
			buildActionMask = 2147483647;
			files = (
			);
			runOnlyForDeploymentPostprocessing = 0;
		};
/* End PBXFrameworksBuildPhase section */

/* Begin PBXGroup section */
		6216690D1E31D65B007292A4 = {
			isa = PBXGroup;
			children = (
				621669181E31D65B007292A4 /* Wil_User */,
				621669351E31D65B007292A4 /* Wil_UserTests */,
				621669401E31D65B007292A4 /* Wil_UserUITests */,
				621669171E31D65B007292A4 /* Products */,
			);
			sourceTree = "<group>";
		};
		621669171E31D65B007292A4 /* Products */ = {
			isa = PBXGroup;
			children = (
				621669161E31D65B007292A4 /* Wil_User.app */,
				621669321E31D65B007292A4 /* Wil_UserTests.xctest */,
				6216693D1E31D65B007292A4 /* Wil_UserUITests.xctest */,
			);
			name = Products;
			sourceTree = "<group>";
		};
		621669181E31D65B007292A4 /* Wil_User */ = {
			isa = PBXGroup;
			children = (
				6216691C1E31D65B007292A4 /* AppDelegate.h */,
				6216691D1E31D65B007292A4 /* AppDelegate.m */,
				6216691F1E31D65B007292A4 /* ViewController.h */,
				621669201E31D65B007292A4 /* ViewController.m */,
				621669221E31D65B007292A4 /* Main.storyboard */,
				621669281E31D65B007292A4 /* Assets.xcassets */,
				6216692A1E31D65B007292A4 /* LaunchScreen.storyboard */,
				6216692D1E31D65B007292A4 /* Info.plist */,
				621669251E31D65B007292A4 /* Wil_User.xcdatamodeld */,
				621669191E31D65B007292A4 /* Supporting Files */,
			);
			path = Wil_User;
			sourceTree = "<group>";
		};
		621669191E31D65B007292A4 /* Supporting Files */ = {
			isa = PBXGroup;
			children = (
				6216691A1E31D65B007292A4 /* main.m */,
			);
			name = "Supporting Files";
			sourceTree = "<group>";
		};
		621669351E31D65B007292A4 /* Wil_UserTests */ = {
			isa = PBXGroup;
			children = (
				621669361E31D65B007292A4 /* Wil_UserTests.m */,
				621669381E31D65B007292A4 /* Info.plist */,
			);
			path = Wil_UserTests;
			sourceTree = "<group>";
		};
		621669401E31D65B007292A4 /* Wil_UserUITests */ = {
			isa = PBXGroup;
			children = (
				621669411E31D65B007292A4 /* Wil_UserUITests.m */,
				621669431E31D65B007292A4 /* Info.plist */,
			);
			path = Wil_UserUITests;
			sourceTree = "<group>";
		};
/* End PBXGroup section */

/* Begin PBXNativeTarget section */
		621669151E31D65B007292A4 /* Wil_User */ = {
			isa = PBXNativeTarget;
			buildConfigurationList = 621669461E31D65B007292A4 /* Build configuration list for PBXNativeTarget "Wil_User" */;
			buildPhases = (
				621669121E31D65B007292A4 /* Sources */,
				621669131E31D65B007292A4 /* Frameworks */,
				621669141E31D65B007292A4 /* Resources */,
			);
			buildRules = (
			);
			dependencies = (
			);
			name = Wil_User;
			productName = Wil_User;
			productReference = 621669161E31D65B007292A4 /* Wil_User.app */;
			productType = "com.apple.product-type.application";
		};
		621669311E31D65B007292A4 /* Wil_UserTests */ = {
			isa = PBXNativeTarget;
			buildConfigurationList = 621669491E31D65B007292A4 /* Build configuration list for PBXNativeTarget "Wil_UserTests" */;
			buildPhases = (
				6216692E1E31D65B007292A4 /* Sources */,
				6216692F1E31D65B007292A4 /* Frameworks */,
				621669301E31D65B007292A4 /* Resources */,
			);
			buildRules = (
			);
			dependencies = (
				621669341E31D65B007292A4 /* PBXTargetDependency */,
			);
			name = Wil_UserTests;
			productName = Wil_UserTests;
			productReference = 621669321E31D65B007292A4 /* Wil_UserTests.xctest */;
			productType = "com.apple.product-type.bundle.unit-test";
		};
		6216693C1E31D65B007292A4 /* Wil_UserUITests */ = {
			isa = PBXNativeTarget;
			buildConfigurationList = 6216694C1E31D65B007292A4 /* Build configuration list for PBXNativeTarget "Wil_UserUITests" */;
			buildPhases = (
				621669391E31D65B007292A4 /* Sources */,
				6216693A1E31D65B007292A4 /* Frameworks */,
				6216693B1E31D65B007292A4 /* Resources */,
			);
			buildRules = (
			);
			dependencies = (
				6216693F1E31D65B007292A4 /* PBXTargetDependency */,
			);
			name = Wil_UserUITests;
			productName = Wil_UserUITests;
			productReference = 6216693D1E31D65B007292A4 /* Wil_UserUITests.xctest */;
			productType = "com.apple.product-type.bundle.ui-testing";
		};
/* End PBXNativeTarget section */

/* Begin PBXProject section */
		6216690E1E31D65B007292A4 /* Project object */ = {
			isa = PBXProject;
			attributes = {
				LastUpgradeCheck = 0820;
				ORGANIZATIONNAME = xianyang;
				TargetAttributes = {
					621669151E31D65B007292A4 = {
						CreatedOnToolsVersion = 8.2.1;
						DevelopmentTeam = K5J44K984X;
						ProvisioningStyle = Automatic;
					};
					621669311E31D65B007292A4 = {
						CreatedOnToolsVersion = 8.2.1;
						DevelopmentTeam = K5J44K984X;
						ProvisioningStyle = Automatic;
						TestTargetID = 621669151E31D65B007292A4;
					};
					6216693C1E31D65B007292A4 = {
						CreatedOnToolsVersion = 8.2.1;
						DevelopmentTeam = K5J44K984X;
						ProvisioningStyle = Automatic;
						TestTargetID = 621669151E31D65B007292A4;
					};
				};
			};
			buildConfigurationList = 621669111E31D65B007292A4 /* Build configuration list for PBXProject "Wil_User" */;
			compatibilityVersion = "Xcode 3.2";
			developmentRegion = English;
			hasScannedForEncodings = 0;
			knownRegions = (
				en,
				Base,
			);
			mainGroup = 6216690D1E31D65B007292A4;
			productRefGroup = 621669171E31D65B007292A4 /* Products */;
			projectDirPath = "";
			projectRoot = "";
			targets = (
				621669151E31D65B007292A4 /* Wil_User */,
				621669311E31D65B007292A4 /* Wil_UserTests */,
				6216693C1E31D65B007292A4 /* Wil_UserUITests */,
			);
		};
/* End PBXProject section */

/* Begin PBXResourcesBuildPhase section */
		621669141E31D65B007292A4 /* Resources */ = {
			isa = PBXResourcesBuildPhase;
			buildActionMask = 2147483647;
			files = (
				6216692C1E31D65B007292A4 /* LaunchScreen.storyboard in Resources */,
				621669291E31D65B007292A4 /* Assets.xcassets in Resources */,
				621669241E31D65B007292A4 /* Main.storyboard in Resources */,
			);
			runOnlyForDeploymentPostprocessing = 0;
		};
		621669301E31D65B007292A4 /* Resources */ = {
			isa = PBXResourcesBuildPhase;
			buildActionMask = 2147483647;
			files = (
			);
			runOnlyForDeploymentPostprocessing = 0;
		};
		6216693B1E31D65B007292A4 /* Resources */ = {
			isa = PBXResourcesBuildPhase;
			buildActionMask = 2147483647;
			files = (
			);
			runOnlyForDeploymentPostprocessing = 0;
		};
/* End PBXResourcesBuildPhase section */

/* Begin PBXSourcesBuildPhase section */
		621669121E31D65B007292A4 /* Sources */ = {
			isa = PBXSourcesBuildPhase;
			buildActionMask = 2147483647;
			files = (
				621669211E31D65B007292A4 /* ViewController.m in Sources */,
				6216691E1E31D65B007292A4 /* AppDelegate.m in Sources */,
				6216691B1E31D65B007292A4 /* main.m in Sources */,
				621669271E31D65B007292A4 /* Wil_User.xcdatamodeld in Sources */,
			);
			runOnlyForDeploymentPostprocessing = 0;
		};
		6216692E1E31D65B007292A4 /* Sources */ = {
			isa = PBXSourcesBuildPhase;
			buildActionMask = 2147483647;
			files = (
				621669371E31D65B007292A4 /* Wil_UserTests.m in Sources */,
			);
			runOnlyForDeploymentPostprocessing = 0;
		};
		621669391E31D65B007292A4 /* Sources */ = {
			isa = PBXSourcesBuildPhase;
			buildActionMask = 2147483647;
			files = (
				621669421E31D65B007292A4 /* Wil_UserUITests.m in Sources */,
			);
			runOnlyForDeploymentPostprocessing = 0;
		};
/* End PBXSourcesBuildPhase section */

/* Begin PBXTargetDependency section */
		621669341E31D65B007292A4 /* PBXTargetDependency */ = {
			isa = PBXTargetDependency;
			target = 621669151E31D65B007292A4 /* Wil_User */;
			targetProxy = 621669331E31D65B007292A4 /* PBXContainerItemProxy */;
		};
		6216693F1E31D65B007292A4 /* PBXTargetDependency */ = {
			isa = PBXTargetDependency;
			target = 621669151E31D65B007292A4 /* Wil_User */;
			targetProxy = 6216693E1E31D65B007292A4 /* PBXContainerItemProxy */;
		};
/* End PBXTargetDependency section */

/* Begin PBXVariantGroup section */
		621669221E31D65B007292A4 /* Main.storyboard */ = {
			isa = PBXVariantGroup;
			children = (
				621669231E31D65B007292A4 /* Base */,
			);
			name = Main.storyboard;
			sourceTree = "<group>";
		};
		6216692A1E31D65B007292A4 /* LaunchScreen.storyboard */ = {
			isa = PBXVariantGroup;
			children = (
				6216692B1E31D65B007292A4 /* Base */,
			);
			name = LaunchScreen.storyboard;
			sourceTree = "<group>";
		};
/* End PBXVariantGroup section */

/* Begin XCBuildConfiguration section */
		621669441E31D65B007292A4 /* Debug */ = {
			isa = XCBuildConfiguration;
			buildSettings = {
				ALWAYS_SEARCH_USER_PATHS = NO;
				CLANG_ANALYZER_NONNULL = YES;
				CLANG_CXX_LANGUAGE_STANDARD = "gnu++0x";
				CLANG_CXX_LIBRARY = "libc++";
				CLANG_ENABLE_MODULES = YES;
				CLANG_ENABLE_OBJC_ARC = YES;
				CLANG_WARN_BOOL_CONVERSION = YES;
				CLANG_WARN_CONSTANT_CONVERSION = YES;
				CLANG_WARN_DIRECT_OBJC_ISA_USAGE = YES_ERROR;
				CLANG_WARN_DOCUMENTATION_COMMENTS = YES;
				CLANG_WARN_EMPTY_BODY = YES;
				CLANG_WARN_ENUM_CONVERSION = YES;
				CLANG_WARN_INFINITE_RECURSION = YES;
				CLANG_WARN_INT_CONVERSION = YES;
				CLANG_WARN_OBJC_ROOT_CLASS = YES_ERROR;
				CLANG_WARN_SUSPICIOUS_MOVE = YES;
				CLANG_WARN_UNREACHABLE_CODE = YES;
				CLANG_WARN__DUPLICATE_METHOD_MATCH = YES;
				"CODE_SIGN_IDENTITY[sdk=iphoneos*]" = "iPhone Developer";
				COPY_PHASE_STRIP = NO;
				DEBUG_INFORMATION_FORMAT = dwarf;
				ENABLE_STRICT_OBJC_MSGSEND = YES;
				ENABLE_TESTABILITY = YES;
				GCC_C_LANGUAGE_STANDARD = gnu99;
				GCC_DYNAMIC_NO_PIC = NO;
				GCC_NO_COMMON_BLOCKS = YES;
				GCC_OPTIMIZATION_LEVEL = 0;
				GCC_PREPROCESSOR_DEFINITIONS = (
					"DEBUG=1",
					"$(inherited)",
				);
				GCC_WARN_64_TO_32_BIT_CONVERSION = YES;
				GCC_WARN_ABOUT_RETURN_TYPE = YES_ERROR;
				GCC_WARN_UNDECLARED_SELECTOR = YES;
				GCC_WARN_UNINITIALIZED_AUTOS = YES_AGGRESSIVE;
				GCC_WARN_UNUSED_FUNCTION = YES;
				GCC_WARN_UNUSED_VARIABLE = YES;
				IPHONEOS_DEPLOYMENT_TARGET = 8.0;
				MTL_ENABLE_DEBUG_INFO = YES;
				ONLY_ACTIVE_ARCH = YES;
				SDKROOT = iphoneos;
			};
			name = Debug;
		};
		621669451E31D65B007292A4 /* Release */ = {
			isa = XCBuildConfiguration;
			buildSettings = {
				ALWAYS_SEARCH_USER_PATHS = NO;
				CLANG_ANALYZER_NONNULL = YES;
				CLANG_CXX_LANGUAGE_STANDARD = "gnu++0x";
				CLANG_CXX_LIBRARY = "libc++";
				CLANG_ENABLE_MODULES = YES;
				CLANG_ENABLE_OBJC_ARC = YES;
				CLANG_WARN_BOOL_CONVERSION = YES;
				CLANG_WARN_CONSTANT_CONVERSION = YES;
				CLANG_WARN_DIRECT_OBJC_ISA_USAGE = YES_ERROR;
				CLANG_WARN_DOCUMENTATION_COMMENTS = YES;
				CLANG_WARN_EMPTY_BODY = YES;
				CLANG_WARN_ENUM_CONVERSION = YES;
				CLANG_WARN_INFINITE_RECURSION = YES;
				CLANG_WARN_INT_CONVERSION = YES;
				CLANG_WARN_OBJC_ROOT_CLASS = YES_ERROR;
				CLANG_WARN_SUSPICIOUS_MOVE = YES;
				CLANG_WARN_UNREACHABLE_CODE = YES;
				CLANG_WARN__DUPLICATE_METHOD_MATCH = YES;
				"CODE_SIGN_IDENTITY[sdk=iphoneos*]" = "iPhone Developer";
				COPY_PHASE_STRIP = NO;
				DEBUG_INFORMATION_FORMAT = "dwarf-with-dsym";
				ENABLE_NS_ASSERTIONS = NO;
				ENABLE_STRICT_OBJC_MSGSEND = YES;
				GCC_C_LANGUAGE_STANDARD = gnu99;
				GCC_NO_COMMON_BLOCKS = YES;
				GCC_WARN_64_TO_32_BIT_CONVERSION = YES;
				GCC_WARN_ABOUT_RETURN_TYPE = YES_ERROR;
				GCC_WARN_UNDECLARED_SELECTOR = YES;
				GCC_WARN_UNINITIALIZED_AUTOS = YES_AGGRESSIVE;
				GCC_WARN_UNUSED_FUNCTION = YES;
				GCC_WARN_UNUSED_VARIABLE = YES;
				IPHONEOS_DEPLOYMENT_TARGET = 8.0;
				MTL_ENABLE_DEBUG_INFO = NO;
				SDKROOT = iphoneos;
				VALIDATE_PRODUCT = YES;
			};
			name = Release;
		};
		621669471E31D65B007292A4 /* Debug */ = {
			isa = XCBuildConfiguration;
			buildSettings = {
				ASSETCATALOG_COMPILER_APPICON_NAME = AppIcon;
				DEVELOPMENT_TEAM = K5J44K984X;
				INFOPLIST_FILE = Wil_User/Info.plist;
				LD_RUNPATH_SEARCH_PATHS = "$(inherited) @executable_path/Frameworks";
				PRODUCT_BUNDLE_IDENTIFIER = "com.luoxianyang.Wil-User";
				PRODUCT_NAME = "$(TARGET_NAME)";
			};
			name = Debug;
		};
		621669481E31D65B007292A4 /* Release */ = {
			isa = XCBuildConfiguration;
			buildSettings = {
				ASSETCATALOG_COMPILER_APPICON_NAME = AppIcon;
				DEVELOPMENT_TEAM = K5J44K984X;
				INFOPLIST_FILE = Wil_User/Info.plist;
				LD_RUNPATH_SEARCH_PATHS = "$(inherited) @executable_path/Frameworks";
				PRODUCT_BUNDLE_IDENTIFIER = "com.luoxianyang.Wil-User";
				PRODUCT_NAME = "$(TARGET_NAME)";
			};
			name = Release;
		};
		6216694A1E31D65B007292A4 /* Debug */ = {
			isa = XCBuildConfiguration;
			buildSettings = {
				BUNDLE_LOADER = "$(TEST_HOST)";
				DEVELOPMENT_TEAM = K5J44K984X;
				INFOPLIST_FILE = Wil_UserTests/Info.plist;
				LD_RUNPATH_SEARCH_PATHS = "$(inherited) @executable_path/Frameworks @loader_path/Frameworks";
				PRODUCT_BUNDLE_IDENTIFIER = "com.luoxianyang.Wil-UserTests";
				PRODUCT_NAME = "$(TARGET_NAME)";
				TEST_HOST = "$(BUILT_PRODUCTS_DIR)/Wil_User.app/Wil_User";
			};
			name = Debug;
		};
		6216694B1E31D65B007292A4 /* Release */ = {
			isa = XCBuildConfiguration;
			buildSettings = {
				BUNDLE_LOADER = "$(TEST_HOST)";
				DEVELOPMENT_TEAM = K5J44K984X;
				INFOPLIST_FILE = Wil_UserTests/Info.plist;
				LD_RUNPATH_SEARCH_PATHS = "$(inherited) @executable_path/Frameworks @loader_path/Frameworks";
				PRODUCT_BUNDLE_IDENTIFIER = "com.luoxianyang.Wil-UserTests";
				PRODUCT_NAME = "$(TARGET_NAME)";
				TEST_HOST = "$(BUILT_PRODUCTS_DIR)/Wil_User.app/Wil_User";
			};
			name = Release;
		};
		6216694D1E31D65B007292A4 /* Debug */ = {
			isa = XCBuildConfiguration;
			buildSettings = {
				DEVELOPMENT_TEAM = K5J44K984X;
				INFOPLIST_FILE = Wil_UserUITests/Info.plist;
				LD_RUNPATH_SEARCH_PATHS = "$(inherited) @executable_path/Frameworks @loader_path/Frameworks";
				PRODUCT_BUNDLE_IDENTIFIER = "com.luoxianyang.Wil-UserUITests";
				PRODUCT_NAME = "$(TARGET_NAME)";
				TEST_TARGET_NAME = Wil_User;
			};
			name = Debug;
		};
		6216694E1E31D65B007292A4 /* Release */ = {
			isa = XCBuildConfiguration;
			buildSettings = {
				DEVELOPMENT_TEAM = K5J44K984X;
				INFOPLIST_FILE = Wil_UserUITests/Info.plist;
				LD_RUNPATH_SEARCH_PATHS = "$(inherited) @executable_path/Frameworks @loader_path/Frameworks";
				PRODUCT_BUNDLE_IDENTIFIER = "com.luoxianyang.Wil-UserUITests";
				PRODUCT_NAME = "$(TARGET_NAME)";
				TEST_TARGET_NAME = Wil_User;
			};
			name = Release;
		};
/* End XCBuildConfiguration section */

/* Begin XCConfigurationList section */
		621669111E31D65B007292A4 /* Build configuration list for PBXProject "Wil_User" */ = {
			isa = XCConfigurationList;
			buildConfigurations = (
				621669441E31D65B007292A4 /* Debug */,
				621669451E31D65B007292A4 /* Release */,
			);
			defaultConfigurationIsVisible = 0;
			defaultConfigurationName = Release;
		};
		621669461E31D65B007292A4 /* Build configuration list for PBXNativeTarget "Wil_User" */ = {
			isa = XCConfigurationList;
			buildConfigurations = (
				621669471E31D65B007292A4 /* Debug */,
				621669481E31D65B007292A4 /* Release */,
			);
			defaultConfigurationIsVisible = 0;
		};
		621669491E31D65B007292A4 /* Build configuration list for PBXNativeTarget "Wil_UserTests" */ = {
			isa = XCConfigurationList;
			buildConfigurations = (
				6216694A1E31D65B007292A4 /* Debug */,
				6216694B1E31D65B007292A4 /* Release */,
			);
			defaultConfigurationIsVisible = 0;
		};
		6216694C1E31D65B007292A4 /* Build configuration list for PBXNativeTarget "Wil_UserUITests" */ = {
			isa = XCConfigurationList;
			buildConfigurations = (
				6216694D1E31D65B007292A4 /* Debug */,
				6216694E1E31D65B007292A4 /* Release */,
			);
			defaultConfigurationIsVisible = 0;
		};
/* End XCConfigurationList section */

/* Begin XCVersionGroup section */
		621669251E31D65B007292A4 /* Wil_User.xcdatamodeld */ = {
			isa = XCVersionGroup;
			children = (
				621669261E31D65B007292A4 /* Wil_User.xcdatamodel */,
			);
			currentVersion = 621669261E31D65B007292A4 /* Wil_User.xcdatamodel */;
			path = Wil_User.xcdatamodeld;
			sourceTree = "<group>";
			versionGroupType = wrapper.xcdatamodel;
		};
/* End XCVersionGroup section */
	};
	rootObject = 6216690E1E31D65B007292A4 /* Project object */;
}
