// !$*UTF8*$!
{
	archiveVersion = 1;
	classes = {
	};
	objectVersion = 46;
	objects = {

/* Begin PBXBuildFile section */
		621298191E92325C00A4FED0 /* MapParkInfoView.m in Sources */ = {isa = PBXBuildFile; fileRef = 621298181E92325C00A4FED0 /* MapParkInfoView.m */; };
		6212981C1E92327200A4FED0 /* MapPaymentView.m in Sources */ = {isa = PBXBuildFile; fileRef = 6212981B1E92327200A4FED0 /* MapPaymentView.m */; };
		6216691B1E31D65B007292A4 /* main.m in Sources */ = {isa = PBXBuildFile; fileRef = 6216691A1E31D65B007292A4 /* main.m */; };
		6216691E1E31D65B007292A4 /* AppDelegate.m in Sources */ = {isa = PBXBuildFile; fileRef = 6216691D1E31D65B007292A4 /* AppDelegate.m */; };
		621669241E31D65B007292A4 /* Main.storyboard in Resources */ = {isa = PBXBuildFile; fileRef = 621669221E31D65B007292A4 /* Main.storyboard */; };
		621669271E31D65B007292A4 /* Wil_User.xcdatamodeld in Sources */ = {isa = PBXBuildFile; fileRef = 621669251E31D65B007292A4 /* Wil_User.xcdatamodeld */; };
		621669291E31D65B007292A4 /* Assets.xcassets in Resources */ = {isa = PBXBuildFile; fileRef = 621669281E31D65B007292A4 /* Assets.xcassets */; };
		6216692C1E31D65B007292A4 /* LaunchScreen.storyboard in Resources */ = {isa = PBXBuildFile; fileRef = 6216692A1E31D65B007292A4 /* LaunchScreen.storyboard */; };
		621669371E31D65B007292A4 /* Wil_UserTests.m in Sources */ = {isa = PBXBuildFile; fileRef = 621669361E31D65B007292A4 /* Wil_UserTests.m */; };
		621669421E31D65B007292A4 /* Wil_UserUITests.m in Sources */ = {isa = PBXBuildFile; fileRef = 621669411E31D65B007292A4 /* Wil_UserUITests.m */; };
		621669541E3242EC007292A4 /* RootViewController.m in Sources */ = {isa = PBXBuildFile; fileRef = 621669531E3242EC007292A4 /* RootViewController.m */; };
		621669571E324339007292A4 /* MenuViewController.m in Sources */ = {isa = PBXBuildFile; fileRef = 621669561E324339007292A4 /* MenuViewController.m */; };
		6216695A1E324390007292A4 /* MainViewController.m in Sources */ = {isa = PBXBuildFile; fileRef = 621669591E324390007292A4 /* MainViewController.m */; };
		6216695D1E32439D007292A4 /* ProfileViewController.m in Sources */ = {isa = PBXBuildFile; fileRef = 6216695C1E32439D007292A4 /* ProfileViewController.m */; };
		623A67DD1E335181009A63AC /* PaymentViewController.m in Sources */ = {isa = PBXBuildFile; fileRef = 623A67DC1E335181009A63AC /* PaymentViewController.m */; };
		623A67E01E335193009A63AC /* SubscriptionsViewController.m in Sources */ = {isa = PBXBuildFile; fileRef = 623A67DF1E335193009A63AC /* SubscriptionsViewController.m */; };
		623A67E31E335199009A63AC /* AboutViewController.m in Sources */ = {isa = PBXBuildFile; fileRef = 623A67E21E335199009A63AC /* AboutViewController.m */; };
		623A67E61E3351A0009A63AC /* ContactViewController.m in Sources */ = {isa = PBXBuildFile; fileRef = 623A67E51E3351A0009A63AC /* ContactViewController.m */; };
		623A67EA1E33633F009A63AC /* SideMenuCell.m in Sources */ = {isa = PBXBuildFile; fileRef = 623A67E91E33633F009A63AC /* SideMenuCell.m */; };
		624E60C51E753A8C006B516E /* ValetLocation.m in Sources */ = {isa = PBXBuildFile; fileRef = 624E60C41E753A8C006B516E /* ValetLocation.m */; };
		624E60C91E756CF9006B516E /* ValetMarker.m in Sources */ = {isa = PBXBuildFile; fileRef = 624E60C81E756CF9006B516E /* ValetMarker.m */; };
		624E60CC1E7656EA006B516E /* ValetLocationClient.m in Sources */ = {isa = PBXBuildFile; fileRef = 624E60CB1E7656EA006B516E /* ValetLocationClient.m */; };
		624E60D01E76A88D006B516E /* MapFlag.m in Sources */ = {isa = PBXBuildFile; fileRef = 624E60CF1E76A88D006B516E /* MapFlag.m */; };
		624E60D31E76B3A7006B516E /* MapValetInfoView.m in Sources */ = {isa = PBXBuildFile; fileRef = 624E60D21E76B3A7006B516E /* MapValetInfoView.m */; };
		624E60D61E76C5C6006B516E /* OrderObject.m in Sources */ = {isa = PBXBuildFile; fileRef = 624E60D51E76C5C6006B516E /* OrderObject.m */; };
		624E60DC1E76D146006B516E /* OrderClient.m in Sources */ = {isa = PBXBuildFile; fileRef = 624E60DB1E76D146006B516E /* OrderClient.m */; };
		624E60E21E77CEB1006B516E /* ValetObject.m in Sources */ = {isa = PBXBuildFile; fileRef = 624E60E11E77CEB1006B516E /* ValetObject.m */; };
		625533E61E7BCE920026033C /* AVGeoPoint+CoordinateWithGeoPoint.m in Sources */ = {isa = PBXBuildFile; fileRef = 625533E51E7BCE920026033C /* AVGeoPoint+CoordinateWithGeoPoint.m */; };
		625B97511E62D09000F2C6F5 /* SignInViewController.m in Sources */ = {isa = PBXBuildFile; fileRef = 625B97501E62D09000F2C6F5 /* SignInViewController.m */; };
		625B97541E62D65D00F2C6F5 /* ForgetPasswordFirstViewController.m in Sources */ = {isa = PBXBuildFile; fileRef = 625B97531E62D65D00F2C6F5 /* ForgetPasswordFirstViewController.m */; };
		625B975A1E62D67900F2C6F5 /* ForgetPasswordSecondViewController.m in Sources */ = {isa = PBXBuildFile; fileRef = 625B97591E62D67900F2C6F5 /* ForgetPasswordSecondViewController.m */; };
		625B97621E63E8FF00F2C6F5 /* SignUpViewController.m in Sources */ = {isa = PBXBuildFile; fileRef = 625B97611E63E8FF00F2C6F5 /* SignUpViewController.m */; };
		62911FB11E7D3C650075AC9E /* MapSearchPlaceView.m in Sources */ = {isa = PBXBuildFile; fileRef = 62911FB01E7D3C650075AC9E /* MapSearchPlaceView.m */; };
		62911FB41E7D7F740075AC9E /* ProfileCell.m in Sources */ = {isa = PBXBuildFile; fileRef = 62911FB31E7D7F740075AC9E /* ProfileCell.m */; };
		62911FB71E7D84A00075AC9E /* ChangeInfoViewContoller.m in Sources */ = {isa = PBXBuildFile; fileRef = 62911FB61E7D84A00075AC9E /* ChangeInfoViewContoller.m */; };
		629FE1C71E7E38CD0082EF8C /* FileClient.m in Sources */ = {isa = PBXBuildFile; fileRef = 629FE1C61E7E38CD0082EF8C /* FileClient.m */; };
		62D56ED01E793DDE00879ECB /* ClientLocation.m in Sources */ = {isa = PBXBuildFile; fileRef = 62D56ECF1E793DDE00879ECB /* ClientLocation.m */; };
		62D56ED31E793E4A00879ECB /* ClientLocationClient.m in Sources */ = {isa = PBXBuildFile; fileRef = 62D56ED21E793E4A00879ECB /* ClientLocationClient.m */; };
		62F7D6FA1E59A75B001AC360 /* LibraryAPI.m in Sources */ = {isa = PBXBuildFile; fileRef = 62F7D6F91E59A75B001AC360 /* LibraryAPI.m */; };
		62F7D7011E59F9C5001AC360 /* PolygonClient.m in Sources */ = {isa = PBXBuildFile; fileRef = 62F7D7001E59F9C5001AC360 /* PolygonClient.m */; };
		62F7D7041E5AD237001AC360 /* RequestValetButton.m in Sources */ = {isa = PBXBuildFile; fileRef = 62F7D7031E5AD237001AC360 /* RequestValetButton.m */; };
		62F7D72D1E5EDFE6001AC360 /* InstructionPage.m in Sources */ = {isa = PBXBuildFile; fileRef = 62F7D72C1E5EDFE6001AC360 /* InstructionPage.m */; };
		62F7D7331E5F360B001AC360 /* InstructionViewController.m in Sources */ = {isa = PBXBuildFile; fileRef = 62F7D7321E5F360B001AC360 /* InstructionViewController.m */; };
		62F7D7371E6143D6001AC360 /* UIButton+Status.m in Sources */ = {isa = PBXBuildFile; fileRef = 62F7D7361E6143D6001AC360 /* UIButton+Status.m */; };
		62F7D73A1E615FFC001AC360 /* InputCodeViewController.m in Sources */ = {isa = PBXBuildFile; fileRef = 62F7D7391E615FFC001AC360 /* InputCodeViewController.m */; };
		62F7D73D1E616FC3001AC360 /* MBProgressHUD+WilShowError.m in Sources */ = {isa = PBXBuildFile; fileRef = 62F7D73C1E616FC3001AC360 /* MBProgressHUD+WilShowError.m */; };
		83B3FCD8104F3710A39B8B90 /* libPods-Wil_UserUITests.a in Frameworks */ = {isa = PBXBuildFile; fileRef = 87EA890B94EC27F04DDEA27E /* libPods-Wil_UserUITests.a */; };
		914453816A0CACCFDF826476 /* libPods-Wil_UserTests.a in Frameworks */ = {isa = PBXBuildFile; fileRef = AE309B786297B7427D506C2B /* libPods-Wil_UserTests.a */; };
		D12E518C32991DD37990C45B /* libPods-Wil_User.a in Frameworks */ = {isa = PBXBuildFile; fileRef = 889FFB09077B3C5FEBD6C39D /* libPods-Wil_User.a */; };
/* End PBXBuildFile section */

/* Begin PBXContainerItemProxy section */
		621669331E31D65B007292A4 /* PBXContainerItemProxy */ = {
			isa = PBXContainerItemProxy;
			containerPortal = 6216690E1E31D65B007292A4 /* Project object */;
			proxyType = 1;
			remoteGlobalIDString = 621669151E31D65B007292A4;
			remoteInfo = Wil_User;
		};
		6216693E1E31D65B007292A4 /* PBXContainerItemProxy */ = {
			isa = PBXContainerItemProxy;
			containerPortal = 6216690E1E31D65B007292A4 /* Project object */;
			proxyType = 1;
			remoteGlobalIDString = 621669151E31D65B007292A4;
			remoteInfo = Wil_User;
		};
/* End PBXContainerItemProxy section */

/* Begin PBXFileReference section */
		3DF9D54C1B89683B49245F37 /* Pods-Wil_UserUITests.release.xcconfig */ = {isa = PBXFileReference; includeInIndex = 1; lastKnownFileType = text.xcconfig; name = "Pods-Wil_UserUITests.release.xcconfig"; path = "Pods/Target Support Files/Pods-Wil_UserUITests/Pods-Wil_UserUITests.release.xcconfig"; sourceTree = "<group>"; };
		621298171E92325C00A4FED0 /* MapParkInfoView.h */ = {isa = PBXFileReference; fileEncoding = 4; lastKnownFileType = sourcecode.c.h; name = MapParkInfoView.h; path = Views/MapParkInfoView.h; sourceTree = "<group>"; };
		621298181E92325C00A4FED0 /* MapParkInfoView.m */ = {isa = PBXFileReference; fileEncoding = 4; lastKnownFileType = sourcecode.c.objc; name = MapParkInfoView.m; path = Views/MapParkInfoView.m; sourceTree = "<group>"; };
		6212981A1E92327200A4FED0 /* MapPaymentView.h */ = {isa = PBXFileReference; fileEncoding = 4; lastKnownFileType = sourcecode.c.h; name = MapPaymentView.h; path = Views/MapPaymentView.h; sourceTree = "<group>"; };
		6212981B1E92327200A4FED0 /* MapPaymentView.m */ = {isa = PBXFileReference; fileEncoding = 4; lastKnownFileType = sourcecode.c.objc; name = MapPaymentView.m; path = Views/MapPaymentView.m; sourceTree = "<group>"; };
		621669161E31D65B007292A4 /* Wil_User.app */ = {isa = PBXFileReference; explicitFileType = wrapper.application; includeInIndex = 0; path = Wil_User.app; sourceTree = BUILT_PRODUCTS_DIR; };
		6216691A1E31D65B007292A4 /* main.m */ = {isa = PBXFileReference; lastKnownFileType = sourcecode.c.objc; path = main.m; sourceTree = "<group>"; };
		6216691C1E31D65B007292A4 /* AppDelegate.h */ = {isa = PBXFileReference; lastKnownFileType = sourcecode.c.h; path = AppDelegate.h; sourceTree = "<group>"; };
		6216691D1E31D65B007292A4 /* AppDelegate.m */ = {isa = PBXFileReference; lastKnownFileType = sourcecode.c.objc; path = AppDelegate.m; sourceTree = "<group>"; };
		621669231E31D65B007292A4 /* Base */ = {isa = PBXFileReference; lastKnownFileType = file.storyboard; name = Base; path = Base.lproj/Main.storyboard; sourceTree = "<group>"; };
		621669261E31D65B007292A4 /* Wil_User.xcdatamodel */ = {isa = PBXFileReference; lastKnownFileType = wrapper.xcdatamodel; path = Wil_User.xcdatamodel; sourceTree = "<group>"; };
		621669281E31D65B007292A4 /* Assets.xcassets */ = {isa = PBXFileReference; lastKnownFileType = folder.assetcatalog; path = Assets.xcassets; sourceTree = "<group>"; };
		6216692B1E31D65B007292A4 /* Base */ = {isa = PBXFileReference; lastKnownFileType = file.storyboard; name = Base; path = Base.lproj/LaunchScreen.storyboard; sourceTree = "<group>"; };
		6216692D1E31D65B007292A4 /* Info.plist */ = {isa = PBXFileReference; lastKnownFileType = text.plist.xml; path = Info.plist; sourceTree = "<group>"; };
		621669321E31D65B007292A4 /* Wil_UserTests.xctest */ = {isa = PBXFileReference; explicitFileType = wrapper.cfbundle; includeInIndex = 0; path = Wil_UserTests.xctest; sourceTree = BUILT_PRODUCTS_DIR; };
		621669361E31D65B007292A4 /* Wil_UserTests.m */ = {isa = PBXFileReference; lastKnownFileType = sourcecode.c.objc; path = Wil_UserTests.m; sourceTree = "<group>"; };
		621669381E31D65B007292A4 /* Info.plist */ = {isa = PBXFileReference; lastKnownFileType = text.plist.xml; path = Info.plist; sourceTree = "<group>"; };
		6216693D1E31D65B007292A4 /* Wil_UserUITests.xctest */ = {isa = PBXFileReference; explicitFileType = wrapper.cfbundle; includeInIndex = 0; path = Wil_UserUITests.xctest; sourceTree = BUILT_PRODUCTS_DIR; };
		621669411E31D65B007292A4 /* Wil_UserUITests.m */ = {isa = PBXFileReference; lastKnownFileType = sourcecode.c.objc; path = Wil_UserUITests.m; sourceTree = "<group>"; };
		621669431E31D65B007292A4 /* Info.plist */ = {isa = PBXFileReference; lastKnownFileType = text.plist.xml; path = Info.plist; sourceTree = "<group>"; };
		621669521E3242EC007292A4 /* RootViewController.h */ = {isa = PBXFileReference; fileEncoding = 4; lastKnownFileType = sourcecode.c.h; name = RootViewController.h; path = ViewControllers/RootViewController.h; sourceTree = "<group>"; };
		621669531E3242EC007292A4 /* RootViewController.m */ = {isa = PBXFileReference; fileEncoding = 4; lastKnownFileType = sourcecode.c.objc; name = RootViewController.m; path = ViewControllers/RootViewController.m; sourceTree = "<group>"; };
		621669551E324339007292A4 /* MenuViewController.h */ = {isa = PBXFileReference; fileEncoding = 4; lastKnownFileType = sourcecode.c.h; name = MenuViewController.h; path = ViewControllers/MenuViewController.h; sourceTree = "<group>"; };
		621669561E324339007292A4 /* MenuViewController.m */ = {isa = PBXFileReference; fileEncoding = 4; lastKnownFileType = sourcecode.c.objc; name = MenuViewController.m; path = ViewControllers/MenuViewController.m; sourceTree = "<group>"; };
		621669581E324390007292A4 /* MainViewController.h */ = {isa = PBXFileReference; fileEncoding = 4; lastKnownFileType = sourcecode.c.h; name = MainViewController.h; path = ViewControllers/MainViewController.h; sourceTree = "<group>"; };
		621669591E324390007292A4 /* MainViewController.m */ = {isa = PBXFileReference; fileEncoding = 4; lastKnownFileType = sourcecode.c.objc; name = MainViewController.m; path = ViewControllers/MainViewController.m; sourceTree = "<group>"; };
		6216695B1E32439D007292A4 /* ProfileViewController.h */ = {isa = PBXFileReference; fileEncoding = 4; lastKnownFileType = sourcecode.c.h; name = ProfileViewController.h; path = ViewControllers/ProfileViewController.h; sourceTree = "<group>"; };
		6216695C1E32439D007292A4 /* ProfileViewController.m */ = {isa = PBXFileReference; fileEncoding = 4; lastKnownFileType = sourcecode.c.objc; name = ProfileViewController.m; path = ViewControllers/ProfileViewController.m; sourceTree = "<group>"; };
		623A67DB1E335181009A63AC /* PaymentViewController.h */ = {isa = PBXFileReference; fileEncoding = 4; lastKnownFileType = sourcecode.c.h; name = PaymentViewController.h; path = ViewControllers/PaymentViewController.h; sourceTree = "<group>"; };
		623A67DC1E335181009A63AC /* PaymentViewController.m */ = {isa = PBXFileReference; fileEncoding = 4; lastKnownFileType = sourcecode.c.objc; name = PaymentViewController.m; path = ViewControllers/PaymentViewController.m; sourceTree = "<group>"; };
		623A67DE1E335193009A63AC /* SubscriptionsViewController.h */ = {isa = PBXFileReference; fileEncoding = 4; lastKnownFileType = sourcecode.c.h; name = SubscriptionsViewController.h; path = ViewControllers/SubscriptionsViewController.h; sourceTree = "<group>"; };
		623A67DF1E335193009A63AC /* SubscriptionsViewController.m */ = {isa = PBXFileReference; fileEncoding = 4; lastKnownFileType = sourcecode.c.objc; name = SubscriptionsViewController.m; path = ViewControllers/SubscriptionsViewController.m; sourceTree = "<group>"; };
		623A67E11E335199009A63AC /* AboutViewController.h */ = {isa = PBXFileReference; fileEncoding = 4; lastKnownFileType = sourcecode.c.h; name = AboutViewController.h; path = ViewControllers/AboutViewController.h; sourceTree = "<group>"; };
		623A67E21E335199009A63AC /* AboutViewController.m */ = {isa = PBXFileReference; fileEncoding = 4; lastKnownFileType = sourcecode.c.objc; name = AboutViewController.m; path = ViewControllers/AboutViewController.m; sourceTree = "<group>"; };
		623A67E41E3351A0009A63AC /* ContactViewController.h */ = {isa = PBXFileReference; fileEncoding = 4; lastKnownFileType = sourcecode.c.h; name = ContactViewController.h; path = ViewControllers/ContactViewController.h; sourceTree = "<group>"; };
		623A67E51E3351A0009A63AC /* ContactViewController.m */ = {isa = PBXFileReference; fileEncoding = 4; lastKnownFileType = sourcecode.c.objc; name = ContactViewController.m; path = ViewControllers/ContactViewController.m; sourceTree = "<group>"; };
		623A67E81E33633F009A63AC /* SideMenuCell.h */ = {isa = PBXFileReference; fileEncoding = 4; lastKnownFileType = sourcecode.c.h; name = SideMenuCell.h; path = Views/SideMenuCell.h; sourceTree = "<group>"; };
		623A67E91E33633F009A63AC /* SideMenuCell.m */ = {isa = PBXFileReference; fileEncoding = 4; lastKnownFileType = sourcecode.c.objc; name = SideMenuCell.m; path = Views/SideMenuCell.m; sourceTree = "<group>"; };
		624E60C31E753A8C006B516E /* ValetLocation.h */ = {isa = PBXFileReference; fileEncoding = 4; lastKnownFileType = sourcecode.c.h; path = ValetLocation.h; sourceTree = "<group>"; };
		624E60C41E753A8C006B516E /* ValetLocation.m */ = {isa = PBXFileReference; fileEncoding = 4; lastKnownFileType = sourcecode.c.objc; path = ValetLocation.m; sourceTree = "<group>"; };
		624E60C71E756CF9006B516E /* ValetMarker.h */ = {isa = PBXFileReference; fileEncoding = 4; lastKnownFileType = sourcecode.c.h; name = ValetMarker.h; path = ViewControllers/Model/ValetMarker.h; sourceTree = "<group>"; };
		624E60C81E756CF9006B516E /* ValetMarker.m */ = {isa = PBXFileReference; fileEncoding = 4; lastKnownFileType = sourcecode.c.objc; name = ValetMarker.m; path = ViewControllers/Model/ValetMarker.m; sourceTree = "<group>"; };
		624E60CA1E7656EA006B516E /* ValetLocationClient.h */ = {isa = PBXFileReference; fileEncoding = 4; lastKnownFileType = sourcecode.c.h; name = ValetLocationClient.h; path = API/ValetLocationClient.h; sourceTree = "<group>"; };
		624E60CB1E7656EA006B516E /* ValetLocationClient.m */ = {isa = PBXFileReference; fileEncoding = 4; lastKnownFileType = sourcecode.c.objc; name = ValetLocationClient.m; path = API/ValetLocationClient.m; sourceTree = "<group>"; };
		624E60CE1E76A88D006B516E /* MapFlag.h */ = {isa = PBXFileReference; fileEncoding = 4; lastKnownFileType = sourcecode.c.h; name = MapFlag.h; path = Views/MapFlag.h; sourceTree = "<group>"; };
		624E60CF1E76A88D006B516E /* MapFlag.m */ = {isa = PBXFileReference; fileEncoding = 4; lastKnownFileType = sourcecode.c.objc; name = MapFlag.m; path = Views/MapFlag.m; sourceTree = "<group>"; };
		624E60D11E76B3A7006B516E /* MapValetInfoView.h */ = {isa = PBXFileReference; fileEncoding = 4; lastKnownFileType = sourcecode.c.h; name = MapValetInfoView.h; path = Views/MapValetInfoView.h; sourceTree = "<group>"; };
		624E60D21E76B3A7006B516E /* MapValetInfoView.m */ = {isa = PBXFileReference; fileEncoding = 4; lastKnownFileType = sourcecode.c.objc; name = MapValetInfoView.m; path = Views/MapValetInfoView.m; sourceTree = "<group>"; };
		624E60D41E76C5C6006B516E /* OrderObject.h */ = {isa = PBXFileReference; fileEncoding = 4; lastKnownFileType = sourcecode.c.h; name = OrderObject.h; path = Model/OrderObject.h; sourceTree = "<group>"; };
		624E60D51E76C5C6006B516E /* OrderObject.m */ = {isa = PBXFileReference; fileEncoding = 4; lastKnownFileType = sourcecode.c.objc; name = OrderObject.m; path = Model/OrderObject.m; sourceTree = "<group>"; };
		624E60DA1E76D146006B516E /* OrderClient.h */ = {isa = PBXFileReference; fileEncoding = 4; lastKnownFileType = sourcecode.c.h; name = OrderClient.h; path = API/OrderClient.h; sourceTree = "<group>"; };
		624E60DB1E76D146006B516E /* OrderClient.m */ = {isa = PBXFileReference; fileEncoding = 4; lastKnownFileType = sourcecode.c.objc; name = OrderClient.m; path = API/OrderClient.m; sourceTree = "<group>"; };
		624E60E01E77CEB1006B516E /* ValetObject.h */ = {isa = PBXFileReference; fileEncoding = 4; lastKnownFileType = sourcecode.c.h; name = ValetObject.h; path = Model/ValetObject.h; sourceTree = "<group>"; };
		624E60E11E77CEB1006B516E /* ValetObject.m */ = {isa = PBXFileReference; fileEncoding = 4; lastKnownFileType = sourcecode.c.objc; name = ValetObject.m; path = Model/ValetObject.m; sourceTree = "<group>"; };
		625533E41E7BCE920026033C /* AVGeoPoint+CoordinateWithGeoPoint.h */ = {isa = PBXFileReference; fileEncoding = 4; lastKnownFileType = sourcecode.c.h; name = "AVGeoPoint+CoordinateWithGeoPoint.h"; path = "API/AVGeoPoint+CoordinateWithGeoPoint.h"; sourceTree = "<group>"; };
		625533E51E7BCE920026033C /* AVGeoPoint+CoordinateWithGeoPoint.m */ = {isa = PBXFileReference; fileEncoding = 4; lastKnownFileType = sourcecode.c.objc; name = "AVGeoPoint+CoordinateWithGeoPoint.m"; path = "API/AVGeoPoint+CoordinateWithGeoPoint.m"; sourceTree = "<group>"; };
		625B974F1E62D09000F2C6F5 /* SignInViewController.h */ = {isa = PBXFileReference; fileEncoding = 4; lastKnownFileType = sourcecode.c.h; name = SignInViewController.h; path = ViewControllers/SignInViewController.h; sourceTree = "<group>"; };
		625B97501E62D09000F2C6F5 /* SignInViewController.m */ = {isa = PBXFileReference; fileEncoding = 4; lastKnownFileType = sourcecode.c.objc; name = SignInViewController.m; path = ViewControllers/SignInViewController.m; sourceTree = "<group>"; };
		625B97521E62D65D00F2C6F5 /* ForgetPasswordFirstViewController.h */ = {isa = PBXFileReference; fileEncoding = 4; lastKnownFileType = sourcecode.c.h; name = ForgetPasswordFirstViewController.h; path = ViewControllers/ForgetPasswordFirstViewController.h; sourceTree = "<group>"; };
		625B97531E62D65D00F2C6F5 /* ForgetPasswordFirstViewController.m */ = {isa = PBXFileReference; fileEncoding = 4; lastKnownFileType = sourcecode.c.objc; name = ForgetPasswordFirstViewController.m; path = ViewControllers/ForgetPasswordFirstViewController.m; sourceTree = "<group>"; };
		625B97581E62D67900F2C6F5 /* ForgetPasswordSecondViewController.h */ = {isa = PBXFileReference; fileEncoding = 4; lastKnownFileType = sourcecode.c.h; name = ForgetPasswordSecondViewController.h; path = ViewControllers/ForgetPasswordSecondViewController.h; sourceTree = "<group>"; };
		625B97591E62D67900F2C6F5 /* ForgetPasswordSecondViewController.m */ = {isa = PBXFileReference; fileEncoding = 4; lastKnownFileType = sourcecode.c.objc; name = ForgetPasswordSecondViewController.m; path = ViewControllers/ForgetPasswordSecondViewController.m; sourceTree = "<group>"; };
		625B97601E63E8FF00F2C6F5 /* SignUpViewController.h */ = {isa = PBXFileReference; fileEncoding = 4; lastKnownFileType = sourcecode.c.h; name = SignUpViewController.h; path = ViewControllers/SignUpViewController.h; sourceTree = "<group>"; };
		625B97611E63E8FF00F2C6F5 /* SignUpViewController.m */ = {isa = PBXFileReference; fileEncoding = 4; lastKnownFileType = sourcecode.c.objc; name = SignUpViewController.m; path = ViewControllers/SignUpViewController.m; sourceTree = "<group>"; };
		62911FAF1E7D3C650075AC9E /* MapSearchPlaceView.h */ = {isa = PBXFileReference; fileEncoding = 4; lastKnownFileType = sourcecode.c.h; name = MapSearchPlaceView.h; path = Views/MapSearchPlaceView.h; sourceTree = "<group>"; };
		62911FB01E7D3C650075AC9E /* MapSearchPlaceView.m */ = {isa = PBXFileReference; fileEncoding = 4; lastKnownFileType = sourcecode.c.objc; name = MapSearchPlaceView.m; path = Views/MapSearchPlaceView.m; sourceTree = "<group>"; };
		62911FB21E7D7F740075AC9E /* ProfileCell.h */ = {isa = PBXFileReference; fileEncoding = 4; lastKnownFileType = sourcecode.c.h; name = ProfileCell.h; path = Views/ProfileCell.h; sourceTree = "<group>"; };
		62911FB31E7D7F740075AC9E /* ProfileCell.m */ = {isa = PBXFileReference; fileEncoding = 4; lastKnownFileType = sourcecode.c.objc; name = ProfileCell.m; path = Views/ProfileCell.m; sourceTree = "<group>"; };
		62911FB51E7D84A00075AC9E /* ChangeInfoViewContoller.h */ = {isa = PBXFileReference; fileEncoding = 4; lastKnownFileType = sourcecode.c.h; name = ChangeInfoViewContoller.h; path = ViewControllers/ChangeInfoViewContoller.h; sourceTree = "<group>"; };
		62911FB61E7D84A00075AC9E /* ChangeInfoViewContoller.m */ = {isa = PBXFileReference; fileEncoding = 4; lastKnownFileType = sourcecode.c.objc; name = ChangeInfoViewContoller.m; path = ViewControllers/ChangeInfoViewContoller.m; sourceTree = "<group>"; };
		629FE1C51E7E38CD0082EF8C /* FileClient.h */ = {isa = PBXFileReference; fileEncoding = 4; lastKnownFileType = sourcecode.c.h; name = FileClient.h; path = API/FileClient.h; sourceTree = "<group>"; };
		629FE1C61E7E38CD0082EF8C /* FileClient.m */ = {isa = PBXFileReference; fileEncoding = 4; lastKnownFileType = sourcecode.c.objc; name = FileClient.m; path = API/FileClient.m; sourceTree = "<group>"; };
		629FE1DB1E7EC6210082EF8C /* Wil_User.entitlements */ = {isa = PBXFileReference; lastKnownFileType = text.plist.entitlements; path = Wil_User.entitlements; sourceTree = "<group>"; };
		62D56ECE1E793DDE00879ECB /* ClientLocation.h */ = {isa = PBXFileReference; fileEncoding = 4; lastKnownFileType = sourcecode.c.h; name = ClientLocation.h; path = Model/ClientLocation.h; sourceTree = "<group>"; };
		62D56ECF1E793DDE00879ECB /* ClientLocation.m */ = {isa = PBXFileReference; fileEncoding = 4; lastKnownFileType = sourcecode.c.objc; name = ClientLocation.m; path = Model/ClientLocation.m; sourceTree = "<group>"; };
		62D56ED11E793E4A00879ECB /* ClientLocationClient.h */ = {isa = PBXFileReference; fileEncoding = 4; lastKnownFileType = sourcecode.c.h; name = ClientLocationClient.h; path = API/ClientLocationClient.h; sourceTree = "<group>"; };
		62D56ED21E793E4A00879ECB /* ClientLocationClient.m */ = {isa = PBXFileReference; fileEncoding = 4; lastKnownFileType = sourcecode.c.objc; name = ClientLocationClient.m; path = API/ClientLocationClient.m; sourceTree = "<group>"; };
		62F7D6ED1E54063E001AC360 /* PrefixHeader.pch */ = {isa = PBXFileReference; fileEncoding = 4; lastKnownFileType = sourcecode.c.h; path = PrefixHeader.pch; sourceTree = "<group>"; };
		62F7D6F81E59A75B001AC360 /* LibraryAPI.h */ = {isa = PBXFileReference; fileEncoding = 4; lastKnownFileType = sourcecode.c.h; name = LibraryAPI.h; path = API/LibraryAPI.h; sourceTree = "<group>"; };
		62F7D6F91E59A75B001AC360 /* LibraryAPI.m */ = {isa = PBXFileReference; fileEncoding = 4; lastKnownFileType = sourcecode.c.objc; name = LibraryAPI.m; path = API/LibraryAPI.m; sourceTree = "<group>"; };
		62F7D6FF1E59F9C5001AC360 /* PolygonClient.h */ = {isa = PBXFileReference; fileEncoding = 4; lastKnownFileType = sourcecode.c.h; name = PolygonClient.h; path = API/PolygonClient.h; sourceTree = "<group>"; };
		62F7D7001E59F9C5001AC360 /* PolygonClient.m */ = {isa = PBXFileReference; fileEncoding = 4; lastKnownFileType = sourcecode.c.objc; name = PolygonClient.m; path = API/PolygonClient.m; sourceTree = "<group>"; };
		62F7D7021E5AD237001AC360 /* RequestValetButton.h */ = {isa = PBXFileReference; fileEncoding = 4; lastKnownFileType = sourcecode.c.h; name = RequestValetButton.h; path = Views/RequestValetButton.h; sourceTree = "<group>"; };
		62F7D7031E5AD237001AC360 /* RequestValetButton.m */ = {isa = PBXFileReference; fileEncoding = 4; lastKnownFileType = sourcecode.c.objc; name = RequestValetButton.m; path = Views/RequestValetButton.m; sourceTree = "<group>"; };
		62F7D72B1E5EDFE6001AC360 /* InstructionPage.h */ = {isa = PBXFileReference; fileEncoding = 4; lastKnownFileType = sourcecode.c.h; name = InstructionPage.h; path = Views/InstructionPage.h; sourceTree = "<group>"; };
		62F7D72C1E5EDFE6001AC360 /* InstructionPage.m */ = {isa = PBXFileReference; fileEncoding = 4; lastKnownFileType = sourcecode.c.objc; name = InstructionPage.m; path = Views/InstructionPage.m; sourceTree = "<group>"; };
		62F7D7311E5F360B001AC360 /* InstructionViewController.h */ = {isa = PBXFileReference; fileEncoding = 4; lastKnownFileType = sourcecode.c.h; name = InstructionViewController.h; path = ViewControllers/InstructionViewController.h; sourceTree = "<group>"; };
		62F7D7321E5F360B001AC360 /* InstructionViewController.m */ = {isa = PBXFileReference; fileEncoding = 4; lastKnownFileType = sourcecode.c.objc; name = InstructionViewController.m; path = ViewControllers/InstructionViewController.m; sourceTree = "<group>"; };
		62F7D7351E6143D6001AC360 /* UIButton+Status.h */ = {isa = PBXFileReference; fileEncoding = 4; lastKnownFileType = sourcecode.c.h; name = "UIButton+Status.h"; path = "API/UIButton+Status.h"; sourceTree = "<group>"; };
		62F7D7361E6143D6001AC360 /* UIButton+Status.m */ = {isa = PBXFileReference; fileEncoding = 4; lastKnownFileType = sourcecode.c.objc; name = "UIButton+Status.m"; path = "API/UIButton+Status.m"; sourceTree = "<group>"; };
		62F7D7381E615FFC001AC360 /* InputCodeViewController.h */ = {isa = PBXFileReference; fileEncoding = 4; lastKnownFileType = sourcecode.c.h; name = InputCodeViewController.h; path = ViewControllers/InputCodeViewController.h; sourceTree = "<group>"; };
		62F7D7391E615FFC001AC360 /* InputCodeViewController.m */ = {isa = PBXFileReference; fileEncoding = 4; lastKnownFileType = sourcecode.c.objc; name = InputCodeViewController.m; path = ViewControllers/InputCodeViewController.m; sourceTree = "<group>"; };
		62F7D73B1E616FC3001AC360 /* MBProgressHUD+WilShowError.h */ = {isa = PBXFileReference; fileEncoding = 4; lastKnownFileType = sourcecode.c.h; name = "MBProgressHUD+WilShowError.h"; path = "API/MBProgressHUD+WilShowError.h"; sourceTree = "<group>"; };
		62F7D73C1E616FC3001AC360 /* MBProgressHUD+WilShowError.m */ = {isa = PBXFileReference; fileEncoding = 4; lastKnownFileType = sourcecode.c.objc; name = "MBProgressHUD+WilShowError.m"; path = "API/MBProgressHUD+WilShowError.m"; sourceTree = "<group>"; };
		6CBAC56BFCAEC4C0C226A786 /* Pods-Wil_User.debug.xcconfig */ = {isa = PBXFileReference; includeInIndex = 1; lastKnownFileType = text.xcconfig; name = "Pods-Wil_User.debug.xcconfig"; path = "Pods/Target Support Files/Pods-Wil_User/Pods-Wil_User.debug.xcconfig"; sourceTree = "<group>"; };
		87EA890B94EC27F04DDEA27E /* libPods-Wil_UserUITests.a */ = {isa = PBXFileReference; explicitFileType = archive.ar; includeInIndex = 0; path = "libPods-Wil_UserUITests.a"; sourceTree = BUILT_PRODUCTS_DIR; };
		889FFB09077B3C5FEBD6C39D /* libPods-Wil_User.a */ = {isa = PBXFileReference; explicitFileType = archive.ar; includeInIndex = 0; path = "libPods-Wil_User.a"; sourceTree = BUILT_PRODUCTS_DIR; };
		A21438C0CA0F106FE3A4D56D /* Pods-Wil_UserUITests.debug.xcconfig */ = {isa = PBXFileReference; includeInIndex = 1; lastKnownFileType = text.xcconfig; name = "Pods-Wil_UserUITests.debug.xcconfig"; path = "Pods/Target Support Files/Pods-Wil_UserUITests/Pods-Wil_UserUITests.debug.xcconfig"; sourceTree = "<group>"; };
		AA4917BABDF6A2DC3607D298 /* Pods-Wil_UserTests.release.xcconfig */ = {isa = PBXFileReference; includeInIndex = 1; lastKnownFileType = text.xcconfig; name = "Pods-Wil_UserTests.release.xcconfig"; path = "Pods/Target Support Files/Pods-Wil_UserTests/Pods-Wil_UserTests.release.xcconfig"; sourceTree = "<group>"; };
		AE309B786297B7427D506C2B /* libPods-Wil_UserTests.a */ = {isa = PBXFileReference; explicitFileType = archive.ar; includeInIndex = 0; path = "libPods-Wil_UserTests.a"; sourceTree = BUILT_PRODUCTS_DIR; };
		EE4A9B1726CF45013FFF6F31 /* Pods-Wil_User.release.xcconfig */ = {isa = PBXFileReference; includeInIndex = 1; lastKnownFileType = text.xcconfig; name = "Pods-Wil_User.release.xcconfig"; path = "Pods/Target Support Files/Pods-Wil_User/Pods-Wil_User.release.xcconfig"; sourceTree = "<group>"; };
		F129976596ED2BD0F34C2127 /* Pods-Wil_UserTests.debug.xcconfig */ = {isa = PBXFileReference; includeInIndex = 1; lastKnownFileType = text.xcconfig; name = "Pods-Wil_UserTests.debug.xcconfig"; path = "Pods/Target Support Files/Pods-Wil_UserTests/Pods-Wil_UserTests.debug.xcconfig"; sourceTree = "<group>"; };
/* End PBXFileReference section */

/* Begin PBXFrameworksBuildPhase section */
		621669131E31D65B007292A4 /* Frameworks */ = {
			isa = PBXFrameworksBuildPhase;
			buildActionMask = 2147483647;
			files = (
				D12E518C32991DD37990C45B /* libPods-Wil_User.a in Frameworks */,
			);
			runOnlyForDeploymentPostprocessing = 0;
		};
		6216692F1E31D65B007292A4 /* Frameworks */ = {
			isa = PBXFrameworksBuildPhase;
			buildActionMask = 2147483647;
			files = (
				914453816A0CACCFDF826476 /* libPods-Wil_UserTests.a in Frameworks */,
			);
			runOnlyForDeploymentPostprocessing = 0;
		};
		6216693A1E31D65B007292A4 /* Frameworks */ = {
			isa = PBXFrameworksBuildPhase;
			buildActionMask = 2147483647;
			files = (
				83B3FCD8104F3710A39B8B90 /* libPods-Wil_UserUITests.a in Frameworks */,
			);
			runOnlyForDeploymentPostprocessing = 0;
		};
/* End PBXFrameworksBuildPhase section */

/* Begin PBXGroup section */
		6216690D1E31D65B007292A4 = {
			isa = PBXGroup;
			children = (
				621669181E31D65B007292A4 /* Wil_User */,
				621669351E31D65B007292A4 /* Wil_UserTests */,
				621669401E31D65B007292A4 /* Wil_UserUITests */,
				621669171E31D65B007292A4 /* Products */,
				64BE710344231A751917F0AA /* Pods */,
				7B0E56F32C80D12544583467 /* Frameworks */,
			);
			sourceTree = "<group>";
		};
		621669171E31D65B007292A4 /* Products */ = {
			isa = PBXGroup;
			children = (
				621669161E31D65B007292A4 /* Wil_User.app */,
				621669321E31D65B007292A4 /* Wil_UserTests.xctest */,
				6216693D1E31D65B007292A4 /* Wil_UserUITests.xctest */,
			);
			name = Products;
			sourceTree = "<group>";
		};
		621669181E31D65B007292A4 /* Wil_User */ = {
			isa = PBXGroup;
			children = (
				629FE1DB1E7EC6210082EF8C /* Wil_User.entitlements */,
				6216691C1E31D65B007292A4 /* AppDelegate.h */,
				6216691D1E31D65B007292A4 /* AppDelegate.m */,
				624E60C61E753A8F006B516E /* Model */,
				62F7D6FB1E59A75F001AC360 /* API */,
				6216695E1E324517007292A4 /* ViewControllers */,
				62F7D6F11E543BCD001AC360 /* Views */,
				621669221E31D65B007292A4 /* Main.storyboard */,
				621669281E31D65B007292A4 /* Assets.xcassets */,
				6216692A1E31D65B007292A4 /* LaunchScreen.storyboard */,
				6216692D1E31D65B007292A4 /* Info.plist */,
				621669251E31D65B007292A4 /* Wil_User.xcdatamodeld */,
				62F7D6ED1E54063E001AC360 /* PrefixHeader.pch */,
				621669191E31D65B007292A4 /* Supporting Files */,
			);
			path = Wil_User;
			sourceTree = "<group>";
		};
		621669191E31D65B007292A4 /* Supporting Files */ = {
			isa = PBXGroup;
			children = (
				6216691A1E31D65B007292A4 /* main.m */,
			);
			name = "Supporting Files";
			sourceTree = "<group>";
		};
		621669351E31D65B007292A4 /* Wil_UserTests */ = {
			isa = PBXGroup;
			children = (
				621669361E31D65B007292A4 /* Wil_UserTests.m */,
				621669381E31D65B007292A4 /* Info.plist */,
			);
			path = Wil_UserTests;
			sourceTree = "<group>";
		};
		621669401E31D65B007292A4 /* Wil_UserUITests */ = {
			isa = PBXGroup;
			children = (
				621669411E31D65B007292A4 /* Wil_UserUITests.m */,
				621669431E31D65B007292A4 /* Info.plist */,
			);
			path = Wil_UserUITests;
			sourceTree = "<group>";
		};
		6216695E1E324517007292A4 /* ViewControllers */ = {
			isa = PBXGroup;
			children = (
				621669521E3242EC007292A4 /* RootViewController.h */,
				621669531E3242EC007292A4 /* RootViewController.m */,
				621669551E324339007292A4 /* MenuViewController.h */,
				621669561E324339007292A4 /* MenuViewController.m */,
				62F7D7341E5F36D7001AC360 /* InstructionVC */,
				623A67E71E3351AF009A63AC /* FunctionVC */,
			);
			name = ViewControllers;
			sourceTree = "<group>";
		};
		623A67E71E3351AF009A63AC /* FunctionVC */ = {
			isa = PBXGroup;
			children = (
				621669581E324390007292A4 /* MainViewController.h */,
				621669591E324390007292A4 /* MainViewController.m */,
				6216695B1E32439D007292A4 /* ProfileViewController.h */,
				6216695C1E32439D007292A4 /* ProfileViewController.m */,
				62911FB51E7D84A00075AC9E /* ChangeInfoViewContoller.h */,
				62911FB61E7D84A00075AC9E /* ChangeInfoViewContoller.m */,
				623A67DB1E335181009A63AC /* PaymentViewController.h */,
				623A67DC1E335181009A63AC /* PaymentViewController.m */,
				623A67DE1E335193009A63AC /* SubscriptionsViewController.h */,
				623A67DF1E335193009A63AC /* SubscriptionsViewController.m */,
				623A67E11E335199009A63AC /* AboutViewController.h */,
				623A67E21E335199009A63AC /* AboutViewController.m */,
				623A67E41E3351A0009A63AC /* ContactViewController.h */,
				623A67E51E3351A0009A63AC /* ContactViewController.m */,
			);
			name = FunctionVC;
			sourceTree = "<group>";
		};
		624E60C61E753A8F006B516E /* Model */ = {
			isa = PBXGroup;
			children = (
				624E60E01E77CEB1006B516E /* ValetObject.h */,
				624E60E11E77CEB1006B516E /* ValetObject.m */,
				624E60D41E76C5C6006B516E /* OrderObject.h */,
				624E60D51E76C5C6006B516E /* OrderObject.m */,
				624E60C31E753A8C006B516E /* ValetLocation.h */,
				624E60C41E753A8C006B516E /* ValetLocation.m */,
				62D56ECE1E793DDE00879ECB /* ClientLocation.h */,
				62D56ECF1E793DDE00879ECB /* ClientLocation.m */,
				624E60C71E756CF9006B516E /* ValetMarker.h */,
				624E60C81E756CF9006B516E /* ValetMarker.m */,
			);
			name = Model;
			sourceTree = "<group>";
		};
		624E60CD1E76A837006B516E /* OnMap */ = {
			isa = PBXGroup;
			children = (
				62911FAF1E7D3C650075AC9E /* MapSearchPlaceView.h */,
				62911FB01E7D3C650075AC9E /* MapSearchPlaceView.m */,
				624E60D11E76B3A7006B516E /* MapValetInfoView.h */,
				624E60D21E76B3A7006B516E /* MapValetInfoView.m */,
				621298171E92325C00A4FED0 /* MapParkInfoView.h */,
				621298181E92325C00A4FED0 /* MapParkInfoView.m */,
				62F7D7021E5AD237001AC360 /* RequestValetButton.h */,
				62F7D7031E5AD237001AC360 /* RequestValetButton.m */,
				6212981A1E92327200A4FED0 /* MapPaymentView.h */,
				6212981B1E92327200A4FED0 /* MapPaymentView.m */,
				624E60CE1E76A88D006B516E /* MapFlag.h */,
				624E60CF1E76A88D006B516E /* MapFlag.m */,
			);
			name = OnMap;
			sourceTree = "<group>";
		};
		625B975E1E633D0C00F2C6F5 /* SignUp */ = {
			isa = PBXGroup;
			children = (
				625B97601E63E8FF00F2C6F5 /* SignUpViewController.h */,
				625B97611E63E8FF00F2C6F5 /* SignUpViewController.m */,
				62F7D7381E615FFC001AC360 /* InputCodeViewController.h */,
				62F7D7391E615FFC001AC360 /* InputCodeViewController.m */,
			);
			name = SignUp;
			sourceTree = "<group>";
		};
		625B975F1E633D1800F2C6F5 /* SignIn&ResetPassword */ = {
			isa = PBXGroup;
			children = (
				625B974F1E62D09000F2C6F5 /* SignInViewController.h */,
				625B97501E62D09000F2C6F5 /* SignInViewController.m */,
				625B97521E62D65D00F2C6F5 /* ForgetPasswordFirstViewController.h */,
				625B97531E62D65D00F2C6F5 /* ForgetPasswordFirstViewController.m */,
				625B97581E62D67900F2C6F5 /* ForgetPasswordSecondViewController.h */,
				625B97591E62D67900F2C6F5 /* ForgetPasswordSecondViewController.m */,
			);
			name = "SignIn&ResetPassword";
			sourceTree = "<group>";
		};
		62F7D6F11E543BCD001AC360 /* Views */ = {
			isa = PBXGroup;
			children = (
				624E60CD1E76A837006B516E /* OnMap */,
				623A67E81E33633F009A63AC /* SideMenuCell.h */,
				623A67E91E33633F009A63AC /* SideMenuCell.m */,
				62911FB21E7D7F740075AC9E /* ProfileCell.h */,
				62911FB31E7D7F740075AC9E /* ProfileCell.m */,
				62F7D72B1E5EDFE6001AC360 /* InstructionPage.h */,
				62F7D72C1E5EDFE6001AC360 /* InstructionPage.m */,
			);
			name = Views;
			sourceTree = "<group>";
		};
		62F7D6FB1E59A75F001AC360 /* API */ = {
			isa = PBXGroup;
			children = (
				62F7D6F81E59A75B001AC360 /* LibraryAPI.h */,
				62F7D6F91E59A75B001AC360 /* LibraryAPI.m */,
				624E60CA1E7656EA006B516E /* ValetLocationClient.h */,
				624E60CB1E7656EA006B516E /* ValetLocationClient.m */,
				62D56ED11E793E4A00879ECB /* ClientLocationClient.h */,
				62D56ED21E793E4A00879ECB /* ClientLocationClient.m */,
				624E60DA1E76D146006B516E /* OrderClient.h */,
				624E60DB1E76D146006B516E /* OrderClient.m */,
				62F7D6FF1E59F9C5001AC360 /* PolygonClient.h */,
				62F7D7001E59F9C5001AC360 /* PolygonClient.m */,
				629FE1C51E7E38CD0082EF8C /* FileClient.h */,
				629FE1C61E7E38CD0082EF8C /* FileClient.m */,
				62F7D7351E6143D6001AC360 /* UIButton+Status.h */,
				62F7D7361E6143D6001AC360 /* UIButton+Status.m */,
				62F7D73B1E616FC3001AC360 /* MBProgressHUD+WilShowError.h */,
				62F7D73C1E616FC3001AC360 /* MBProgressHUD+WilShowError.m */,
				625533E41E7BCE920026033C /* AVGeoPoint+CoordinateWithGeoPoint.h */,
				625533E51E7BCE920026033C /* AVGeoPoint+CoordinateWithGeoPoint.m */,
			);
			name = API;
			sourceTree = "<group>";
		};
		62F7D7341E5F36D7001AC360 /* InstructionVC */ = {
			isa = PBXGroup;
			children = (
				62F7D7311E5F360B001AC360 /* InstructionViewController.h */,
				62F7D7321E5F360B001AC360 /* InstructionViewController.m */,
				625B975E1E633D0C00F2C6F5 /* SignUp */,
				625B975F1E633D1800F2C6F5 /* SignIn&ResetPassword */,
			);
			name = InstructionVC;
			sourceTree = "<group>";
		};
		64BE710344231A751917F0AA /* Pods */ = {
			isa = PBXGroup;
			children = (
				6CBAC56BFCAEC4C0C226A786 /* Pods-Wil_User.debug.xcconfig */,
				EE4A9B1726CF45013FFF6F31 /* Pods-Wil_User.release.xcconfig */,
				F129976596ED2BD0F34C2127 /* Pods-Wil_UserTests.debug.xcconfig */,
				AA4917BABDF6A2DC3607D298 /* Pods-Wil_UserTests.release.xcconfig */,
				A21438C0CA0F106FE3A4D56D /* Pods-Wil_UserUITests.debug.xcconfig */,
				3DF9D54C1B89683B49245F37 /* Pods-Wil_UserUITests.release.xcconfig */,
			);
			name = Pods;
			sourceTree = "<group>";
		};
		7B0E56F32C80D12544583467 /* Frameworks */ = {
			isa = PBXGroup;
			children = (
				889FFB09077B3C5FEBD6C39D /* libPods-Wil_User.a */,
				AE309B786297B7427D506C2B /* libPods-Wil_UserTests.a */,
				87EA890B94EC27F04DDEA27E /* libPods-Wil_UserUITests.a */,
			);
			name = Frameworks;
			sourceTree = "<group>";
		};
/* End PBXGroup section */

/* Begin PBXNativeTarget section */
		621669151E31D65B007292A4 /* Wil_User */ = {
			isa = PBXNativeTarget;
			buildConfigurationList = 621669461E31D65B007292A4 /* Build configuration list for PBXNativeTarget "Wil_User" */;
			buildPhases = (
				E43381E2E12FD66CCD355E4E /* [CP] Check Pods Manifest.lock */,
				621669121E31D65B007292A4 /* Sources */,
				621669131E31D65B007292A4 /* Frameworks */,
				621669141E31D65B007292A4 /* Resources */,
				A5B7ABABD5B1035F02C71B34 /* [CP] Embed Pods Frameworks */,
				84375D246B5A6A4FBEA41527 /* [CP] Copy Pods Resources */,
			);
			buildRules = (
			);
			dependencies = (
			);
			name = Wil_User;
			productName = Wil_User;
			productReference = 621669161E31D65B007292A4 /* Wil_User.app */;
			productType = "com.apple.product-type.application";
		};
		621669311E31D65B007292A4 /* Wil_UserTests */ = {
			isa = PBXNativeTarget;
			buildConfigurationList = 621669491E31D65B007292A4 /* Build configuration list for PBXNativeTarget "Wil_UserTests" */;
			buildPhases = (
				441D1356B4A49AF8245F0FFE /* [CP] Check Pods Manifest.lock */,
				6216692E1E31D65B007292A4 /* Sources */,
				6216692F1E31D65B007292A4 /* Frameworks */,
				621669301E31D65B007292A4 /* Resources */,
				C2C736C93E569C2BE92224B3 /* [CP] Embed Pods Frameworks */,
				67F98DCAEFC4533BA9E38791 /* [CP] Copy Pods Resources */,
			);
			buildRules = (
			);
			dependencies = (
				621669341E31D65B007292A4 /* PBXTargetDependency */,
			);
			name = Wil_UserTests;
			productName = Wil_UserTests;
			productReference = 621669321E31D65B007292A4 /* Wil_UserTests.xctest */;
			productType = "com.apple.product-type.bundle.unit-test";
		};
		6216693C1E31D65B007292A4 /* Wil_UserUITests */ = {
			isa = PBXNativeTarget;
			buildConfigurationList = 6216694C1E31D65B007292A4 /* Build configuration list for PBXNativeTarget "Wil_UserUITests" */;
			buildPhases = (
				97E4D2888D5F09875D328F95 /* [CP] Check Pods Manifest.lock */,
				621669391E31D65B007292A4 /* Sources */,
				6216693A1E31D65B007292A4 /* Frameworks */,
				6216693B1E31D65B007292A4 /* Resources */,
				6E389A617FCC877F4500B298 /* [CP] Embed Pods Frameworks */,
				FA63BB9EB2EAF32547A23F7F /* [CP] Copy Pods Resources */,
			);
			buildRules = (
			);
			dependencies = (
				6216693F1E31D65B007292A4 /* PBXTargetDependency */,
			);
			name = Wil_UserUITests;
			productName = Wil_UserUITests;
			productReference = 6216693D1E31D65B007292A4 /* Wil_UserUITests.xctest */;
			productType = "com.apple.product-type.bundle.ui-testing";
		};
/* End PBXNativeTarget section */

/* Begin PBXProject section */
		6216690E1E31D65B007292A4 /* Project object */ = {
			isa = PBXProject;
			attributes = {
				LastUpgradeCheck = 0820;
				ORGANIZATIONNAME = xianyang;
				TargetAttributes = {
					621669151E31D65B007292A4 = {
						CreatedOnToolsVersion = 8.2.1;
						DevelopmentTeam = K5J44K984X;
						ProvisioningStyle = Automatic;
						SystemCapabilities = {
							com.apple.ApplePay = {
								enabled = 1;
							};
						};
					};
					621669311E31D65B007292A4 = {
						CreatedOnToolsVersion = 8.2.1;
						DevelopmentTeam = K5J44K984X;
						ProvisioningStyle = Automatic;
						TestTargetID = 621669151E31D65B007292A4;
					};
					6216693C1E31D65B007292A4 = {
						CreatedOnToolsVersion = 8.2.1;
						DevelopmentTeam = K5J44K984X;
						ProvisioningStyle = Automatic;
						TestTargetID = 621669151E31D65B007292A4;
					};
				};
			};
			buildConfigurationList = 621669111E31D65B007292A4 /* Build configuration list for PBXProject "Wil_User" */;
			compatibilityVersion = "Xcode 3.2";
			developmentRegion = English;
			hasScannedForEncodings = 0;
			knownRegions = (
				en,
				Base,
			);
			mainGroup = 6216690D1E31D65B007292A4;
			productRefGroup = 621669171E31D65B007292A4 /* Products */;
			projectDirPath = "";
			projectRoot = "";
			targets = (
				621669151E31D65B007292A4 /* Wil_User */,
				621669311E31D65B007292A4 /* Wil_UserTests */,
				6216693C1E31D65B007292A4 /* Wil_UserUITests */,
			);
		};
/* End PBXProject section */

/* Begin PBXResourcesBuildPhase section */
		621669141E31D65B007292A4 /* Resources */ = {
			isa = PBXResourcesBuildPhase;
			buildActionMask = 2147483647;
			files = (
				6216692C1E31D65B007292A4 /* LaunchScreen.storyboard in Resources */,
				621669291E31D65B007292A4 /* Assets.xcassets in Resources */,
				621669241E31D65B007292A4 /* Main.storyboard in Resources */,
			);
			runOnlyForDeploymentPostprocessing = 0;
		};
		621669301E31D65B007292A4 /* Resources */ = {
			isa = PBXResourcesBuildPhase;
			buildActionMask = 2147483647;
			files = (
			);
			runOnlyForDeploymentPostprocessing = 0;
		};
		6216693B1E31D65B007292A4 /* Resources */ = {
			isa = PBXResourcesBuildPhase;
			buildActionMask = 2147483647;
			files = (
			);
			runOnlyForDeploymentPostprocessing = 0;
		};
/* End PBXResourcesBuildPhase section */

/* Begin PBXShellScriptBuildPhase section */
		441D1356B4A49AF8245F0FFE /* [CP] Check Pods Manifest.lock */ = {
			isa = PBXShellScriptBuildPhase;
			buildActionMask = 2147483647;
			files = (
			);
			inputPaths = (
			);
			name = "[CP] Check Pods Manifest.lock";
			outputPaths = (
			);
			runOnlyForDeploymentPostprocessing = 0;
			shellPath = /bin/sh;
			shellScript = "diff \"${PODS_ROOT}/../Podfile.lock\" \"${PODS_ROOT}/Manifest.lock\" > /dev/null\nif [ $? != 0 ] ; then\n    # print error to STDERR\n    echo \"error: The sandbox is not in sync with the Podfile.lock. Run 'pod install' or update your CocoaPods installation.\" >&2\n    exit 1\nfi\n";
			showEnvVarsInLog = 0;
		};
		67F98DCAEFC4533BA9E38791 /* [CP] Copy Pods Resources */ = {
			isa = PBXShellScriptBuildPhase;
			buildActionMask = 2147483647;
			files = (
			);
			inputPaths = (
			);
			name = "[CP] Copy Pods Resources";
			outputPaths = (
			);
			runOnlyForDeploymentPostprocessing = 0;
			shellPath = /bin/sh;
			shellScript = "\"${SRCROOT}/Pods/Target Support Files/Pods-Wil_UserTests/Pods-Wil_UserTests-resources.sh\"\n";
			showEnvVarsInLog = 0;
		};
		6E389A617FCC877F4500B298 /* [CP] Embed Pods Frameworks */ = {
			isa = PBXShellScriptBuildPhase;
			buildActionMask = 2147483647;
			files = (
			);
			inputPaths = (
			);
			name = "[CP] Embed Pods Frameworks";
			outputPaths = (
			);
			runOnlyForDeploymentPostprocessing = 0;
			shellPath = /bin/sh;
			shellScript = "\"${SRCROOT}/Pods/Target Support Files/Pods-Wil_UserUITests/Pods-Wil_UserUITests-frameworks.sh\"\n";
			showEnvVarsInLog = 0;
		};
		84375D246B5A6A4FBEA41527 /* [CP] Copy Pods Resources */ = {
			isa = PBXShellScriptBuildPhase;
			buildActionMask = 2147483647;
			files = (
			);
			inputPaths = (
			);
			name = "[CP] Copy Pods Resources";
			outputPaths = (
			);
			runOnlyForDeploymentPostprocessing = 0;
			shellPath = /bin/sh;
			shellScript = "\"${SRCROOT}/Pods/Target Support Files/Pods-Wil_User/Pods-Wil_User-resources.sh\"\n";
			showEnvVarsInLog = 0;
		};
		97E4D2888D5F09875D328F95 /* [CP] Check Pods Manifest.lock */ = {
			isa = PBXShellScriptBuildPhase;
			buildActionMask = 2147483647;
			files = (
			);
			inputPaths = (
			);
			name = "[CP] Check Pods Manifest.lock";
			outputPaths = (
			);
			runOnlyForDeploymentPostprocessing = 0;
			shellPath = /bin/sh;
			shellScript = "diff \"${PODS_ROOT}/../Podfile.lock\" \"${PODS_ROOT}/Manifest.lock\" > /dev/null\nif [ $? != 0 ] ; then\n    # print error to STDERR\n    echo \"error: The sandbox is not in sync with the Podfile.lock. Run 'pod install' or update your CocoaPods installation.\" >&2\n    exit 1\nfi\n";
			showEnvVarsInLog = 0;
		};
		A5B7ABABD5B1035F02C71B34 /* [CP] Embed Pods Frameworks */ = {
			isa = PBXShellScriptBuildPhase;
			buildActionMask = 2147483647;
			files = (
			);
			inputPaths = (
			);
			name = "[CP] Embed Pods Frameworks";
			outputPaths = (
			);
			runOnlyForDeploymentPostprocessing = 0;
			shellPath = /bin/sh;
			shellScript = "\"${SRCROOT}/Pods/Target Support Files/Pods-Wil_User/Pods-Wil_User-frameworks.sh\"\n";
			showEnvVarsInLog = 0;
		};
		C2C736C93E569C2BE92224B3 /* [CP] Embed Pods Frameworks */ = {
			isa = PBXShellScriptBuildPhase;
			buildActionMask = 2147483647;
			files = (
			);
			inputPaths = (
			);
			name = "[CP] Embed Pods Frameworks";
			outputPaths = (
			);
			runOnlyForDeploymentPostprocessing = 0;
			shellPath = /bin/sh;
			shellScript = "\"${SRCROOT}/Pods/Target Support Files/Pods-Wil_UserTests/Pods-Wil_UserTests-frameworks.sh\"\n";
			showEnvVarsInLog = 0;
		};
		E43381E2E12FD66CCD355E4E /* [CP] Check Pods Manifest.lock */ = {
			isa = PBXShellScriptBuildPhase;
			buildActionMask = 2147483647;
			files = (
			);
			inputPaths = (
			);
			name = "[CP] Check Pods Manifest.lock";
			outputPaths = (
			);
			runOnlyForDeploymentPostprocessing = 0;
			shellPath = /bin/sh;
			shellScript = "diff \"${PODS_ROOT}/../Podfile.lock\" \"${PODS_ROOT}/Manifest.lock\" > /dev/null\nif [ $? != 0 ] ; then\n    # print error to STDERR\n    echo \"error: The sandbox is not in sync with the Podfile.lock. Run 'pod install' or update your CocoaPods installation.\" >&2\n    exit 1\nfi\n";
			showEnvVarsInLog = 0;
		};
		FA63BB9EB2EAF32547A23F7F /* [CP] Copy Pods Resources */ = {
			isa = PBXShellScriptBuildPhase;
			buildActionMask = 2147483647;
			files = (
			);
			inputPaths = (
			);
			name = "[CP] Copy Pods Resources";
			outputPaths = (
			);
			runOnlyForDeploymentPostprocessing = 0;
			shellPath = /bin/sh;
			shellScript = "\"${SRCROOT}/Pods/Target Support Files/Pods-Wil_UserUITests/Pods-Wil_UserUITests-resources.sh\"\n";
			showEnvVarsInLog = 0;
		};
/* End PBXShellScriptBuildPhase section */

/* Begin PBXSourcesBuildPhase section */
		621669121E31D65B007292A4 /* Sources */ = {
			isa = PBXSourcesBuildPhase;
			buildActionMask = 2147483647;
			files = (
				624E60C51E753A8C006B516E /* ValetLocation.m in Sources */,
				6216691E1E31D65B007292A4 /* AppDelegate.m in Sources */,
				62D56ED31E793E4A00879ECB /* ClientLocationClient.m in Sources */,
				6216695A1E324390007292A4 /* MainViewController.m in Sources */,
				624E60DC1E76D146006B516E /* OrderClient.m in Sources */,
				624E60D31E76B3A7006B516E /* MapValetInfoView.m in Sources */,
				62F7D7011E59F9C5001AC360 /* PolygonClient.m in Sources */,
				6216691B1E31D65B007292A4 /* main.m in Sources */,
				624E60E21E77CEB1006B516E /* ValetObject.m in Sources */,
				624E60CC1E7656EA006B516E /* ValetLocationClient.m in Sources */,
				624E60C91E756CF9006B516E /* ValetMarker.m in Sources */,
				621669541E3242EC007292A4 /* RootViewController.m in Sources */,
				62F7D7331E5F360B001AC360 /* InstructionViewController.m in Sources */,
				6216695D1E32439D007292A4 /* ProfileViewController.m in Sources */,
				624E60D61E76C5C6006B516E /* OrderObject.m in Sources */,
				623A67E01E335193009A63AC /* SubscriptionsViewController.m in Sources */,
				625533E61E7BCE920026033C /* AVGeoPoint+CoordinateWithGeoPoint.m in Sources */,
				62911FB71E7D84A00075AC9E /* ChangeInfoViewContoller.m in Sources */,
				623A67E31E335199009A63AC /* AboutViewController.m in Sources */,
				62F7D73D1E616FC3001AC360 /* MBProgressHUD+WilShowError.m in Sources */,
				62F7D7041E5AD237001AC360 /* RequestValetButton.m in Sources */,
				62F7D6FA1E59A75B001AC360 /* LibraryAPI.m in Sources */,
				625B97511E62D09000F2C6F5 /* SignInViewController.m in Sources */,
				621298191E92325C00A4FED0 /* MapParkInfoView.m in Sources */,
				621669271E31D65B007292A4 /* Wil_User.xcdatamodeld in Sources */,
				62911FB11E7D3C650075AC9E /* MapSearchPlaceView.m in Sources */,
				625B97541E62D65D00F2C6F5 /* ForgetPasswordFirstViewController.m in Sources */,
				621669571E324339007292A4 /* MenuViewController.m in Sources */,
				623A67E61E3351A0009A63AC /* ContactViewController.m in Sources */,
				624E60D01E76A88D006B516E /* MapFlag.m in Sources */,
				62F7D73A1E615FFC001AC360 /* InputCodeViewController.m in Sources */,
				62D56ED01E793DDE00879ECB /* ClientLocation.m in Sources */,
				629FE1C71E7E38CD0082EF8C /* FileClient.m in Sources */,
				625B975A1E62D67900F2C6F5 /* ForgetPasswordSecondViewController.m in Sources */,
				62F7D7371E6143D6001AC360 /* UIButton+Status.m in Sources */,
				623A67DD1E335181009A63AC /* PaymentViewController.m in Sources */,
				62F7D72D1E5EDFE6001AC360 /* InstructionPage.m in Sources */,
				6212981C1E92327200A4FED0 /* MapPaymentView.m in Sources */,
				62911FB41E7D7F740075AC9E /* ProfileCell.m in Sources */,
				625B97621E63E8FF00F2C6F5 /* SignUpViewController.m in Sources */,
				623A67EA1E33633F009A63AC /* SideMenuCell.m in Sources */,
			);
			runOnlyForDeploymentPostprocessing = 0;
		};
		6216692E1E31D65B007292A4 /* Sources */ = {
			isa = PBXSourcesBuildPhase;
			buildActionMask = 2147483647;
			files = (
				621669371E31D65B007292A4 /* Wil_UserTests.m in Sources */,
			);
			runOnlyForDeploymentPostprocessing = 0;
		};
		621669391E31D65B007292A4 /* Sources */ = {
			isa = PBXSourcesBuildPhase;
			buildActionMask = 2147483647;
			files = (
				621669421E31D65B007292A4 /* Wil_UserUITests.m in Sources */,
			);
			runOnlyForDeploymentPostprocessing = 0;
		};
/* End PBXSourcesBuildPhase section */

/* Begin PBXTargetDependency section */
		621669341E31D65B007292A4 /* PBXTargetDependency */ = {
			isa = PBXTargetDependency;
			target = 621669151E31D65B007292A4 /* Wil_User */;
			targetProxy = 621669331E31D65B007292A4 /* PBXContainerItemProxy */;
		};
		6216693F1E31D65B007292A4 /* PBXTargetDependency */ = {
			isa = PBXTargetDependency;
			target = 621669151E31D65B007292A4 /* Wil_User */;
			targetProxy = 6216693E1E31D65B007292A4 /* PBXContainerItemProxy */;
		};
/* End PBXTargetDependency section */

/* Begin PBXVariantGroup section */
		621669221E31D65B007292A4 /* Main.storyboard */ = {
			isa = PBXVariantGroup;
			children = (
				621669231E31D65B007292A4 /* Base */,
			);
			name = Main.storyboard;
			sourceTree = "<group>";
		};
		6216692A1E31D65B007292A4 /* LaunchScreen.storyboard */ = {
			isa = PBXVariantGroup;
			children = (
				6216692B1E31D65B007292A4 /* Base */,
			);
			name = LaunchScreen.storyboard;
			sourceTree = "<group>";
		};
/* End PBXVariantGroup section */

/* Begin XCBuildConfiguration section */
		621669441E31D65B007292A4 /* Debug */ = {
			isa = XCBuildConfiguration;
			buildSettings = {
				ALWAYS_SEARCH_USER_PATHS = NO;
				CLANG_ANALYZER_NONNULL = YES;
				CLANG_CXX_LANGUAGE_STANDARD = "gnu++0x";
				CLANG_CXX_LIBRARY = "libc++";
				CLANG_ENABLE_MODULES = YES;
				CLANG_ENABLE_OBJC_ARC = YES;
				CLANG_WARN_BOOL_CONVERSION = YES;
				CLANG_WARN_CONSTANT_CONVERSION = YES;
				CLANG_WARN_DIRECT_OBJC_ISA_USAGE = YES_ERROR;
				CLANG_WARN_DOCUMENTATION_COMMENTS = YES;
				CLANG_WARN_EMPTY_BODY = YES;
				CLANG_WARN_ENUM_CONVERSION = YES;
				CLANG_WARN_INFINITE_RECURSION = YES;
				CLANG_WARN_INT_CONVERSION = YES;
				CLANG_WARN_OBJC_ROOT_CLASS = YES_ERROR;
				CLANG_WARN_SUSPICIOUS_MOVE = YES;
				CLANG_WARN_UNREACHABLE_CODE = YES;
				CLANG_WARN__DUPLICATE_METHOD_MATCH = YES;
				"CODE_SIGN_IDENTITY[sdk=iphoneos*]" = "iPhone Developer";
				COPY_PHASE_STRIP = NO;
				DEBUG_INFORMATION_FORMAT = dwarf;
				ENABLE_STRICT_OBJC_MSGSEND = YES;
				ENABLE_TESTABILITY = YES;
				GCC_C_LANGUAGE_STANDARD = gnu99;
				GCC_DYNAMIC_NO_PIC = NO;
				GCC_NO_COMMON_BLOCKS = YES;
				GCC_OPTIMIZATION_LEVEL = 0;
				GCC_PREPROCESSOR_DEFINITIONS = (
					"DEBUG=1",
					"$(inherited)",
				);
				GCC_WARN_64_TO_32_BIT_CONVERSION = YES;
				GCC_WARN_ABOUT_RETURN_TYPE = YES_ERROR;
				GCC_WARN_UNDECLARED_SELECTOR = YES;
				GCC_WARN_UNINITIALIZED_AUTOS = YES_AGGRESSIVE;
				GCC_WARN_UNUSED_FUNCTION = YES;
				GCC_WARN_UNUSED_VARIABLE = YES;
				IPHONEOS_DEPLOYMENT_TARGET = 8.0;
				MTL_ENABLE_DEBUG_INFO = YES;
				ONLY_ACTIVE_ARCH = YES;
				SDKROOT = iphoneos;
			};
			name = Debug;
		};
		621669451E31D65B007292A4 /* Release */ = {
			isa = XCBuildConfiguration;
			buildSettings = {
				ALWAYS_SEARCH_USER_PATHS = NO;
				CLANG_ANALYZER_NONNULL = YES;
				CLANG_CXX_LANGUAGE_STANDARD = "gnu++0x";
				CLANG_CXX_LIBRARY = "libc++";
				CLANG_ENABLE_MODULES = YES;
				CLANG_ENABLE_OBJC_ARC = YES;
				CLANG_WARN_BOOL_CONVERSION = YES;
				CLANG_WARN_CONSTANT_CONVERSION = YES;
				CLANG_WARN_DIRECT_OBJC_ISA_USAGE = YES_ERROR;
				CLANG_WARN_DOCUMENTATION_COMMENTS = YES;
				CLANG_WARN_EMPTY_BODY = YES;
				CLANG_WARN_ENUM_CONVERSION = YES;
				CLANG_WARN_INFINITE_RECURSION = YES;
				CLANG_WARN_INT_CONVERSION = YES;
				CLANG_WARN_OBJC_ROOT_CLASS = YES_ERROR;
				CLANG_WARN_SUSPICIOUS_MOVE = YES;
				CLANG_WARN_UNREACHABLE_CODE = YES;
				CLANG_WARN__DUPLICATE_METHOD_MATCH = YES;
				"CODE_SIGN_IDENTITY[sdk=iphoneos*]" = "iPhone Developer";
				COPY_PHASE_STRIP = NO;
				DEBUG_INFORMATION_FORMAT = "dwarf-with-dsym";
				ENABLE_NS_ASSERTIONS = NO;
				ENABLE_STRICT_OBJC_MSGSEND = YES;
				GCC_C_LANGUAGE_STANDARD = gnu99;
				GCC_NO_COMMON_BLOCKS = YES;
				GCC_WARN_64_TO_32_BIT_CONVERSION = YES;
				GCC_WARN_ABOUT_RETURN_TYPE = YES_ERROR;
				GCC_WARN_UNDECLARED_SELECTOR = YES;
				GCC_WARN_UNINITIALIZED_AUTOS = YES_AGGRESSIVE;
				GCC_WARN_UNUSED_FUNCTION = YES;
				GCC_WARN_UNUSED_VARIABLE = YES;
				IPHONEOS_DEPLOYMENT_TARGET = 8.0;
				MTL_ENABLE_DEBUG_INFO = NO;
				SDKROOT = iphoneos;
				VALIDATE_PRODUCT = YES;
			};
			name = Release;
		};
		621669471E31D65B007292A4 /* Debug */ = {
			isa = XCBuildConfiguration;
			baseConfigurationReference = 6CBAC56BFCAEC4C0C226A786 /* Pods-Wil_User.debug.xcconfig */;
			buildSettings = {
				ASSETCATALOG_COMPILER_APPICON_NAME = AppIcon;
				CODE_SIGN_ENTITLEMENTS = Wil_User/Wil_User.entitlements;
				DEVELOPMENT_TEAM = K5J44K984X;
				GCC_PRECOMPILE_PREFIX_HEADER = YES;
				GCC_PREFIX_HEADER = "$(SRCROOT)/$(PROJECT_NAME)/PrefixHeader.pch";
				INFOPLIST_FILE = Wil_User/Info.plist;
				LD_RUNPATH_SEARCH_PATHS = "$(inherited) @executable_path/Frameworks";
				PRODUCT_BUNDLE_IDENTIFIER = "com.luoxianyang.Wil-User";
				PRODUCT_NAME = "$(TARGET_NAME)";
			};
			name = Debug;
		};
		621669481E31D65B007292A4 /* Release */ = {
			isa = XCBuildConfiguration;
			baseConfigurationReference = EE4A9B1726CF45013FFF6F31 /* Pods-Wil_User.release.xcconfig */;
			buildSettings = {
				ASSETCATALOG_COMPILER_APPICON_NAME = AppIcon;
				CODE_SIGN_ENTITLEMENTS = Wil_User/Wil_User.entitlements;
				DEVELOPMENT_TEAM = K5J44K984X;
				GCC_PRECOMPILE_PREFIX_HEADER = YES;
				GCC_PREFIX_HEADER = "$(SRCROOT)/$(PROJECT_NAME)/PrefixHeader.pch";
				INFOPLIST_FILE = Wil_User/Info.plist;
				LD_RUNPATH_SEARCH_PATHS = "$(inherited) @executable_path/Frameworks";
				PRODUCT_BUNDLE_IDENTIFIER = "com.luoxianyang.Wil-User";
				PRODUCT_NAME = "$(TARGET_NAME)";
			};
			name = Release;
		};
		6216694A1E31D65B007292A4 /* Debug */ = {
			isa = XCBuildConfiguration;
			baseConfigurationReference = F129976596ED2BD0F34C2127 /* Pods-Wil_UserTests.debug.xcconfig */;
			buildSettings = {
				BUNDLE_LOADER = "$(TEST_HOST)";
				DEVELOPMENT_TEAM = K5J44K984X;
				INFOPLIST_FILE = Wil_UserTests/Info.plist;
				LD_RUNPATH_SEARCH_PATHS = "$(inherited) @executable_path/Frameworks @loader_path/Frameworks";
				PRODUCT_BUNDLE_IDENTIFIER = "com.luoxianyang.Wil-UserTests";
				PRODUCT_NAME = "$(TARGET_NAME)";
				TEST_HOST = "$(BUILT_PRODUCTS_DIR)/Wil_User.app/Wil_User";
			};
			name = Debug;
		};
		6216694B1E31D65B007292A4 /* Release */ = {
			isa = XCBuildConfiguration;
			baseConfigurationReference = AA4917BABDF6A2DC3607D298 /* Pods-Wil_UserTests.release.xcconfig */;
			buildSettings = {
				BUNDLE_LOADER = "$(TEST_HOST)";
				DEVELOPMENT_TEAM = K5J44K984X;
				INFOPLIST_FILE = Wil_UserTests/Info.plist;
				LD_RUNPATH_SEARCH_PATHS = "$(inherited) @executable_path/Frameworks @loader_path/Frameworks";
				PRODUCT_BUNDLE_IDENTIFIER = "com.luoxianyang.Wil-UserTests";
				PRODUCT_NAME = "$(TARGET_NAME)";
				TEST_HOST = "$(BUILT_PRODUCTS_DIR)/Wil_User.app/Wil_User";
			};
			name = Release;
		};
		6216694D1E31D65B007292A4 /* Debug */ = {
			isa = XCBuildConfiguration;
			baseConfigurationReference = A21438C0CA0F106FE3A4D56D /* Pods-Wil_UserUITests.debug.xcconfig */;
			buildSettings = {
				DEVELOPMENT_TEAM = K5J44K984X;
				INFOPLIST_FILE = Wil_UserUITests/Info.plist;
				LD_RUNPATH_SEARCH_PATHS = "$(inherited) @executable_path/Frameworks @loader_path/Frameworks";
				PRODUCT_BUNDLE_IDENTIFIER = "com.luoxianyang.Wil-UserUITests";
				PRODUCT_NAME = "$(TARGET_NAME)";
				TEST_TARGET_NAME = Wil_User;
			};
			name = Debug;
		};
		6216694E1E31D65B007292A4 /* Release */ = {
			isa = XCBuildConfiguration;
			baseConfigurationReference = 3DF9D54C1B89683B49245F37 /* Pods-Wil_UserUITests.release.xcconfig */;
			buildSettings = {
				DEVELOPMENT_TEAM = K5J44K984X;
				INFOPLIST_FILE = Wil_UserUITests/Info.plist;
				LD_RUNPATH_SEARCH_PATHS = "$(inherited) @executable_path/Frameworks @loader_path/Frameworks";
				PRODUCT_BUNDLE_IDENTIFIER = "com.luoxianyang.Wil-UserUITests";
				PRODUCT_NAME = "$(TARGET_NAME)";
				TEST_TARGET_NAME = Wil_User;
			};
			name = Release;
		};
/* End XCBuildConfiguration section */

/* Begin XCConfigurationList section */
		621669111E31D65B007292A4 /* Build configuration list for PBXProject "Wil_User" */ = {
			isa = XCConfigurationList;
			buildConfigurations = (
				621669441E31D65B007292A4 /* Debug */,
				621669451E31D65B007292A4 /* Release */,
			);
			defaultConfigurationIsVisible = 0;
			defaultConfigurationName = Release;
		};
		621669461E31D65B007292A4 /* Build configuration list for PBXNativeTarget "Wil_User" */ = {
			isa = XCConfigurationList;
			buildConfigurations = (
				621669471E31D65B007292A4 /* Debug */,
				621669481E31D65B007292A4 /* Release */,
			);
			defaultConfigurationIsVisible = 0;
			defaultConfigurationName = Release;
		};
		621669491E31D65B007292A4 /* Build configuration list for PBXNativeTarget "Wil_UserTests" */ = {
			isa = XCConfigurationList;
			buildConfigurations = (
				6216694A1E31D65B007292A4 /* Debug */,
				6216694B1E31D65B007292A4 /* Release */,
			);
			defaultConfigurationIsVisible = 0;
			defaultConfigurationName = Release;
		};
		6216694C1E31D65B007292A4 /* Build configuration list for PBXNativeTarget "Wil_UserUITests" */ = {
			isa = XCConfigurationList;
			buildConfigurations = (
				6216694D1E31D65B007292A4 /* Debug */,
				6216694E1E31D65B007292A4 /* Release */,
			);
			defaultConfigurationIsVisible = 0;
			defaultConfigurationName = Release;
		};
/* End XCConfigurationList section */

/* Begin XCVersionGroup section */
		621669251E31D65B007292A4 /* Wil_User.xcdatamodeld */ = {
			isa = XCVersionGroup;
			children = (
				621669261E31D65B007292A4 /* Wil_User.xcdatamodel */,
			);
			currentVersion = 621669261E31D65B007292A4 /* Wil_User.xcdatamodel */;
			path = Wil_User.xcdatamodeld;
			sourceTree = "<group>";
			versionGroupType = wrapper.xcdatamodel;
		};
/* End XCVersionGroup section */
	};
	rootObject = 6216690E1E31D65B007292A4 /* Project object */;
}
